// !$*UTF8*$!
{
	archiveVersion = 1;
	classes = {
	};
	objectVersion = 70;
	objects = {

/* Begin PBXBuildFile section */
		0621D1192CFD0D6C009C062F /* ExtasyCompleteNavigation-SA-Diagram.pdf in Resources */ = {isa = PBXBuildFile; fileRef = 0621D1182CFD0D6C009C062F /* ExtasyCompleteNavigation-SA-Diagram.pdf */; };
		062866522CF7BB3B0004B484 /* ReusableDistanceCell.swift in Sources */ = {isa = PBXBuildFile; fileRef = 062866512CF7BB3B0004B484 /* ReusableDistanceCell.swift */; };
		063650382B671592002AF39C /* SmallCornerView.swift in Sources */ = {isa = PBXBuildFile; fileRef = 063650372B671592002AF39C /* SmallCornerView.swift */; };
		063659CE2B546CFF00B22B5C /* VMGView.swift in Sources */ = {isa = PBXBuildFile; fileRef = 063659CD2B546CFF00B22B5C /* VMGView.swift */; };
		063BD79E2CF69DED00732F50 /* VMGViewModel.swift in Sources */ = {isa = PBXBuildFile; fileRef = 063BD79D2CF69DED00732F50 /* VMGViewModel.swift */; };
		063BD7A22CF795F800732F50 /* BearingToMarkView.swift in Sources */ = {isa = PBXBuildFile; fileRef = 063BD7A12CF795F200732F50 /* BearingToMarkView.swift */; };
		063BD7A52CF7A4E500732F50 /* ReusableSpeedCell.swift in Sources */ = {isa = PBXBuildFile; fileRef = 063BD7A42CF7A4E500732F50 /* ReusableSpeedCell.swift */; };
		0641C3F32A9AF061008799BC /* DisplayCell.swift in Sources */ = {isa = PBXBuildFile; fileRef = 0641C3F22A9AF061008799BC /* DisplayCell.swift */; };
		064ACD622A9EE3430018E449 /* NMEAParser.swift in Sources */ = {isa = PBXBuildFile; fileRef = 064ACD612A9EE3430018E449 /* NMEAParser.swift */; };
		066311AF2A38DB6B00AAE263 /* ExtasyCompleteNavigationApp.swift in Sources */ = {isa = PBXBuildFile; fileRef = 066311AE2A38DB6B00AAE263 /* ExtasyCompleteNavigationApp.swift */; };
		066311B12A38DB6B00AAE263 /* ContentView.swift in Sources */ = {isa = PBXBuildFile; fileRef = 066311B02A38DB6B00AAE263 /* ContentView.swift */; };
		066311B32A38DB6C00AAE263 /* Assets.xcassets in Resources */ = {isa = PBXBuildFile; fileRef = 066311B22A38DB6C00AAE263 /* Assets.xcassets */; };
		066311B62A38DB6C00AAE263 /* Preview Assets.xcassets in Resources */ = {isa = PBXBuildFile; fileRef = 066311B52A38DB6C00AAE263 /* Preview Assets.xcassets */; };
		066CCD892B59D4DB00381E2E /* WaypointDetailedView.swift in Sources */ = {isa = PBXBuildFile; fileRef = 066CCD882B59D4DB00381E2E /* WaypointDetailedView.swift */; };
		0674D44B2B5B340F0000E20F /* WaypointFIllForm.swift in Sources */ = {isa = PBXBuildFile; fileRef = 0674D44A2B5B340F0000E20F /* WaypointFIllForm.swift */; };
		0676620B2AA8096E00544940 /* CocoaAsyncSocket in Frameworks */ = {isa = PBXBuildFile; productRef = 0676620A2AA8096E00544940 /* CocoaAsyncSocket */; };
		067A2CDC2B6ED61E0058A689 /* ReusableETACell.swift in Sources */ = {isa = PBXBuildFile; fileRef = 067A2CDB2B6ED61E0058A689 /* ReusableETACell.swift */; };
		067A2CE02B6EE3FE0058A689 /* CoordinatesView.swift in Sources */ = {isa = PBXBuildFile; fileRef = 067A2CDF2B6EE3FE0058A689 /* CoordinatesView.swift */; };
		067A2CE22B6EE53A0058A689 /* DistanceToNextTack.swift in Sources */ = {isa = PBXBuildFile; fileRef = 067A2CE12B6EE53A0058A689 /* DistanceToNextTack.swift */; };
		067A2CE82B74552C0058A689 /* DistanceToWaypoint.swift in Sources */ = {isa = PBXBuildFile; fileRef = 067A2CE72B74552C0058A689 /* DistanceToWaypoint.swift */; };
		0686F5262CEE0D2B007EE554 /* CompassView.swift in Sources */ = {isa = PBXBuildFile; fileRef = 0686F5252CEE0D26007EE554 /* CompassView.swift */; };
		0686F5282CEF40CE007EE554 /* HydroData.swift in Sources */ = {isa = PBXBuildFile; fileRef = 0686F5272CEF40CB007EE554 /* HydroData.swift */; };
		0686F52A2CEF4169007EE554 /* HydroProcessor.swift in Sources */ = {isa = PBXBuildFile; fileRef = 0686F5292CEF4165007EE554 /* HydroProcessor.swift */; };
		0686F52C2CEF4A9C007EE554 /* GPSData.swift in Sources */ = {isa = PBXBuildFile; fileRef = 0686F52B2CEF4A99007EE554 /* GPSData.swift */; };
		0686F52E2CEF4B31007EE554 /* GPSProcessor.swift in Sources */ = {isa = PBXBuildFile; fileRef = 0686F52D2CEF4B2C007EE554 /* GPSProcessor.swift */; };
		0686F5332CEF5893007EE554 /* VMGData.swift in Sources */ = {isa = PBXBuildFile; fileRef = 0686F5322CEF5893007EE554 /* VMGData.swift */; };
		0686F5352CEF5D51007EE554 /* VMGProcessor.swift in Sources */ = {isa = PBXBuildFile; fileRef = 0686F5342CEF5D51007EE554 /* VMGProcessor.swift */; };
		069EEA4E2CEB2D4000357A05 /* SettingsMenuViewModel.swift in Sources */ = {isa = PBXBuildFile; fileRef = 069EEA4D2CEB2D3500357A05 /* SettingsMenuViewModel.swift */; };
		069EEA502CEB31FA00357A05 /* SettingsMenuView.swift in Sources */ = {isa = PBXBuildFile; fileRef = 069EEA4F2CEB31F400357A05 /* SettingsMenuView.swift */; };
		069EEA522CEB401700357A05 /* UserSettingsSample.swift in Sources */ = {isa = PBXBuildFile; fileRef = 069EEA512CEB401000357A05 /* UserSettingsSample.swift */; };
		069EEA542CEB40CE00357A05 /* Preview.swift in Sources */ = {isa = PBXBuildFile; fileRef = 069EEA532CEB40CC00357A05 /* Preview.swift */; };
		069EEA562CEB4A1500357A05 /* UDPHandler.swift in Sources */ = {isa = PBXBuildFile; fileRef = 069EEA552CEB4A0F00357A05 /* UDPHandler.swift */; };
		069EEA592CEB503400357A05 /* NavigationManager.swift in Sources */ = {isa = PBXBuildFile; fileRef = 069EEA582CEB502E00357A05 /* NavigationManager.swift */; };
		069EEA672CEB88A800357A05 /* WindData.swift in Sources */ = {isa = PBXBuildFile; fileRef = 069EEA662CEB88A300357A05 /* WindData.swift */; };
		069EEA6A2CEB893200357A05 /* WindProcessor.swift in Sources */ = {isa = PBXBuildFile; fileRef = 069EEA692CEB892A00357A05 /* WindProcessor.swift */; };
		069EEA882CECD25800357A05 /* CompassData.swift in Sources */ = {isa = PBXBuildFile; fileRef = 069EEA872CECD25800357A05 /* CompassData.swift */; };
		069EEA8A2CECD28D00357A05 /* CompassProcessor.swift in Sources */ = {isa = PBXBuildFile; fileRef = 069EEA892CECD28D00357A05 /* CompassProcessor.swift */; };
		06A525522CEF886600532A51 /* DisplayGrid3x3Sectors.swift in Sources */ = {isa = PBXBuildFile; fileRef = 06A5254C2CEF886600532A51 /* DisplayGrid3x3Sectors.swift */; };
		06A525542CEF886600532A51 /* MultiDisplayGrid.swift in Sources */ = {isa = PBXBuildFile; fileRef = 06A5254E2CEF886600532A51 /* MultiDisplayGrid.swift */; };
		06A525552CEF886600532A51 /* PseudoBoatView.swift in Sources */ = {isa = PBXBuildFile; fileRef = 06A5254F2CEF886600532A51 /* PseudoBoatView.swift */; };
		06A525572CEF886600532A51 /* VMGCalculator.swift in Sources */ = {isa = PBXBuildFile; fileRef = 06A525512CEF886600532A51 /* VMGCalculator.swift */; };
		06A5255D2CF077AB00532A51 /* Waypoints.swift in Sources */ = {isa = PBXBuildFile; fileRef = 06A5255C2CF077AB00532A51 /* Waypoints.swift */; };
		06A5256A2CF09EDD00532A51 /* UltimateNavigationView.swift in Sources */ = {isa = PBXBuildFile; fileRef = 06A525692CF09EDD00532A51 /* UltimateNavigationView.swift */; };
		06A5256C2CF0A14800532A51 /* AnemometerView.swift in Sources */ = {isa = PBXBuildFile; fileRef = 06A5256B2CF0A14800532A51 /* AnemometerView.swift */; };
		06A525752CF0AE0B00532A51 /* BearingMarkerView.swift in Sources */ = {isa = PBXBuildFile; fileRef = 06A525742CF0AE0B00532A51 /* BearingMarkerView.swift */; };
		06A5257D2CF28BE300532A51 /* DisplayMenu.swift in Sources */ = {isa = PBXBuildFile; fileRef = 06A5257C2CF28BE300532A51 /* DisplayMenu.swift */; };
		06A525852CF4B75F00532A51 /* CustomShapes.swift in Sources */ = {isa = PBXBuildFile; fileRef = 06A525842CF4B75C00532A51 /* CustomShapes.swift */; };
		06A525892CF4BD9800532A51 /* CompassLabelView.swift in Sources */ = {isa = PBXBuildFile; fileRef = 06A525882CF4BD9800532A51 /* CompassLabelView.swift */; };
		06A5258B2CF4BDC300532A51 /* GaugeMarkerCompass.swift in Sources */ = {isa = PBXBuildFile; fileRef = 06A5258A2CF4BDC300532A51 /* GaugeMarkerCompass.swift */; };
		06A5258E2CF5D24600532A51 /* VMGModels.swift in Sources */ = {isa = PBXBuildFile; fileRef = 06A5258D2CF5D24300532A51 /* VMGModels.swift */; };
		06A525902CF5D2CD00532A51 /* MultiDisplayMatrix.swift in Sources */ = {isa = PBXBuildFile; fileRef = 06A5258F2CF5D2C600532A51 /* MultiDisplayMatrix.swift */; };
		06A525922CF5D2F700532A51 /* UltimateViewMatrix.swift in Sources */ = {isa = PBXBuildFile; fileRef = 06A525912CF5D2F100532A51 /* UltimateViewMatrix.swift */; };
		06A525942CF5D31D00532A51 /* UserSettingsMenu.swift in Sources */ = {isa = PBXBuildFile; fileRef = 06A525932CF5D31600532A51 /* UserSettingsMenu.swift */; };
		06ABCE2E2AA162600067DCAA /* NMEASentencesExtasy in Resources */ = {isa = PBXBuildFile; fileRef = 06ABCE2D2AA162600067DCAA /* NMEASentencesExtasy */; };
		06BFC92B2B69A00300E74C47 /* PreviewContainer.swift in Sources */ = {isa = PBXBuildFile; fileRef = 06BFC92A2B69A00300E74C47 /* PreviewContainer.swift */; };
		06CF549A2BC1FC2600F21A12 /* README.md in Resources */ = {isa = PBXBuildFile; fileRef = 06CF54992BC1FC2600F21A12 /* README.md */; };
		06F483BD2A8F258300B701EC /* AvailableFontsSwiftUI.swift in Sources */ = {isa = PBXBuildFile; fileRef = 06F483BC2A8F258300B701EC /* AvailableFontsSwiftUI.swift */; };
		06FC30D32CBC13BE00E5DBF9 /* diagram.txt in Resources */ = {isa = PBXBuildFile; fileRef = 06FC30D22CBC13BE00E5DBF9 /* diagram.txt */; };
		06FC6E4D2B55D9BB006AF16A /* WaypointListView.swift in Sources */ = {isa = PBXBuildFile; fileRef = 06FC6E4C2B55D9BB006AF16A /* WaypointListView.swift */; };
		181601E12AD0F20700D6D31B /* DisplayCells.swift in Sources */ = {isa = PBXBuildFile; fileRef = 181601E02AD0F20700D6D31B /* DisplayCells.swift */; };
		188B2B662ADB5EA000836F66 /* MapView.swift in Sources */ = {isa = PBXBuildFile; fileRef = 188B2B652ADB5EA000836F66 /* MapView.swift */; };
		18A8FA742ACB974200EE2128 /* UltimateView.swift in Sources */ = {isa = PBXBuildFile; fileRef = 18A8FA732ACB974200EE2128 /* UltimateView.swift */; };
		18EDC55B2ACD052C003C82B2 /* MultiDisplay.swift in Sources */ = {isa = PBXBuildFile; fileRef = 18EDC55A2ACD052C003C82B2 /* MultiDisplay.swift */; };
		383EEC252AB359BE00C2F22B /* RawNavigationDataView.swift in Sources */ = {isa = PBXBuildFile; fileRef = 383EEC242AB359BE00C2F22B /* RawNavigationDataView.swift */; };
/* End PBXBuildFile section */

/* Begin PBXContainerItemProxy section */
		069EEA7A2CECCA6B00357A05 /* PBXContainerItemProxy */ = {
			isa = PBXContainerItemProxy;
			containerPortal = 066311A32A38DB6B00AAE263 /* Project object */;
			proxyType = 1;
			remoteGlobalIDString = 066311AA2A38DB6B00AAE263;
			remoteInfo = ExtasyCompleteNavigation;
		};
/* End PBXContainerItemProxy section */

/* Begin PBXFileReference section */
		0621D1182CFD0D6C009C062F /* ExtasyCompleteNavigation-SA-Diagram.pdf */ = {isa = PBXFileReference; lastKnownFileType = image.pdf; path = "ExtasyCompleteNavigation-SA-Diagram.pdf"; sourceTree = "<group>"; };
		062866512CF7BB3B0004B484 /* ReusableDistanceCell.swift */ = {isa = PBXFileReference; lastKnownFileType = sourcecode.swift; path = ReusableDistanceCell.swift; sourceTree = "<group>"; };
		063650372B671592002AF39C /* SmallCornerView.swift */ = {isa = PBXFileReference; lastKnownFileType = sourcecode.swift; path = SmallCornerView.swift; sourceTree = "<group>"; };
		063659CD2B546CFF00B22B5C /* VMGView.swift */ = {isa = PBXFileReference; lastKnownFileType = sourcecode.swift; path = VMGView.swift; sourceTree = "<group>"; };
		063BD79D2CF69DED00732F50 /* VMGViewModel.swift */ = {isa = PBXFileReference; lastKnownFileType = sourcecode.swift; path = VMGViewModel.swift; sourceTree = "<group>"; };
		063BD7A12CF795F200732F50 /* BearingToMarkView.swift */ = {isa = PBXFileReference; lastKnownFileType = sourcecode.swift; path = BearingToMarkView.swift; sourceTree = "<group>"; };
		063BD7A42CF7A4E500732F50 /* ReusableSpeedCell.swift */ = {isa = PBXFileReference; lastKnownFileType = sourcecode.swift; path = ReusableSpeedCell.swift; sourceTree = "<group>"; };
		0641C3F22A9AF061008799BC /* DisplayCell.swift */ = {isa = PBXFileReference; lastKnownFileType = sourcecode.swift; path = DisplayCell.swift; sourceTree = "<group>"; };
		064ACD612A9EE3430018E449 /* NMEAParser.swift */ = {isa = PBXFileReference; lastKnownFileType = sourcecode.swift; path = NMEAParser.swift; sourceTree = "<group>"; };
		066311AB2A38DB6B00AAE263 /* ExtasyCompleteNavigation.app */ = {isa = PBXFileReference; explicitFileType = wrapper.application; includeInIndex = 0; path = ExtasyCompleteNavigation.app; sourceTree = BUILT_PRODUCTS_DIR; };
		066311AE2A38DB6B00AAE263 /* ExtasyCompleteNavigationApp.swift */ = {isa = PBXFileReference; lastKnownFileType = sourcecode.swift; path = ExtasyCompleteNavigationApp.swift; sourceTree = "<group>"; };
		066311B02A38DB6B00AAE263 /* ContentView.swift */ = {isa = PBXFileReference; lastKnownFileType = sourcecode.swift; path = ContentView.swift; sourceTree = "<group>"; };
		066311B22A38DB6C00AAE263 /* Assets.xcassets */ = {isa = PBXFileReference; lastKnownFileType = folder.assetcatalog; path = Assets.xcassets; sourceTree = "<group>"; };
		066311B52A38DB6C00AAE263 /* Preview Assets.xcassets */ = {isa = PBXFileReference; lastKnownFileType = folder.assetcatalog; path = "Preview Assets.xcassets"; sourceTree = "<group>"; };
		066CCD882B59D4DB00381E2E /* WaypointDetailedView.swift */ = {isa = PBXFileReference; lastKnownFileType = sourcecode.swift; path = WaypointDetailedView.swift; sourceTree = "<group>"; };
		0674D44A2B5B340F0000E20F /* WaypointFIllForm.swift */ = {isa = PBXFileReference; lastKnownFileType = sourcecode.swift; path = WaypointFIllForm.swift; sourceTree = "<group>"; };
		067A2CDB2B6ED61E0058A689 /* ReusableETACell.swift */ = {isa = PBXFileReference; lastKnownFileType = sourcecode.swift; path = ReusableETACell.swift; sourceTree = "<group>"; };
		067A2CDF2B6EE3FE0058A689 /* CoordinatesView.swift */ = {isa = PBXFileReference; lastKnownFileType = sourcecode.swift; path = CoordinatesView.swift; sourceTree = "<group>"; };
		067A2CE12B6EE53A0058A689 /* DistanceToNextTack.swift */ = {isa = PBXFileReference; lastKnownFileType = sourcecode.swift; path = DistanceToNextTack.swift; sourceTree = "<group>"; };
		067A2CE72B74552C0058A689 /* DistanceToWaypoint.swift */ = {isa = PBXFileReference; lastKnownFileType = sourcecode.swift; path = DistanceToWaypoint.swift; sourceTree = "<group>"; };
		0686F5252CEE0D26007EE554 /* CompassView.swift */ = {isa = PBXFileReference; lastKnownFileType = sourcecode.swift; path = CompassView.swift; sourceTree = "<group>"; };
		0686F5272CEF40CB007EE554 /* HydroData.swift */ = {isa = PBXFileReference; lastKnownFileType = sourcecode.swift; path = HydroData.swift; sourceTree = "<group>"; };
		0686F5292CEF4165007EE554 /* HydroProcessor.swift */ = {isa = PBXFileReference; lastKnownFileType = sourcecode.swift; path = HydroProcessor.swift; sourceTree = "<group>"; };
		0686F52B2CEF4A99007EE554 /* GPSData.swift */ = {isa = PBXFileReference; lastKnownFileType = sourcecode.swift; path = GPSData.swift; sourceTree = "<group>"; };
		0686F52D2CEF4B2C007EE554 /* GPSProcessor.swift */ = {isa = PBXFileReference; lastKnownFileType = sourcecode.swift; path = GPSProcessor.swift; sourceTree = "<group>"; };
		0686F5322CEF5893007EE554 /* VMGData.swift */ = {isa = PBXFileReference; lastKnownFileType = sourcecode.swift; path = VMGData.swift; sourceTree = "<group>"; };
		0686F5342CEF5D51007EE554 /* VMGProcessor.swift */ = {isa = PBXFileReference; lastKnownFileType = sourcecode.swift; path = VMGProcessor.swift; sourceTree = "<group>"; };
		069EEA4D2CEB2D3500357A05 /* SettingsMenuViewModel.swift */ = {isa = PBXFileReference; lastKnownFileType = sourcecode.swift; path = SettingsMenuViewModel.swift; sourceTree = "<group>"; };
		069EEA4F2CEB31F400357A05 /* SettingsMenuView.swift */ = {isa = PBXFileReference; lastKnownFileType = sourcecode.swift; path = SettingsMenuView.swift; sourceTree = "<group>"; };
		069EEA512CEB401000357A05 /* UserSettingsSample.swift */ = {isa = PBXFileReference; lastKnownFileType = sourcecode.swift; path = UserSettingsSample.swift; sourceTree = "<group>"; };
		069EEA532CEB40CC00357A05 /* Preview.swift */ = {isa = PBXFileReference; lastKnownFileType = sourcecode.swift; path = Preview.swift; sourceTree = "<group>"; };
		069EEA552CEB4A0F00357A05 /* UDPHandler.swift */ = {isa = PBXFileReference; lastKnownFileType = sourcecode.swift; path = UDPHandler.swift; sourceTree = "<group>"; };
		069EEA582CEB502E00357A05 /* NavigationManager.swift */ = {isa = PBXFileReference; lastKnownFileType = sourcecode.swift; path = NavigationManager.swift; sourceTree = "<group>"; };
		069EEA662CEB88A300357A05 /* WindData.swift */ = {isa = PBXFileReference; lastKnownFileType = sourcecode.swift; path = WindData.swift; sourceTree = "<group>"; };
		069EEA692CEB892A00357A05 /* WindProcessor.swift */ = {isa = PBXFileReference; lastKnownFileType = sourcecode.swift; path = WindProcessor.swift; sourceTree = "<group>"; };
		069EEA762CECCA6B00357A05 /* ExtasyCompleteNavigationTests.xctest */ = {isa = PBXFileReference; explicitFileType = wrapper.cfbundle; includeInIndex = 0; path = ExtasyCompleteNavigationTests.xctest; sourceTree = BUILT_PRODUCTS_DIR; };
		069EEA872CECD25800357A05 /* CompassData.swift */ = {isa = PBXFileReference; lastKnownFileType = sourcecode.swift; path = CompassData.swift; sourceTree = "<group>"; };
		069EEA892CECD28D00357A05 /* CompassProcessor.swift */ = {isa = PBXFileReference; lastKnownFileType = sourcecode.swift; path = CompassProcessor.swift; sourceTree = "<group>"; };
		06A5254C2CEF886600532A51 /* DisplayGrid3x3Sectors.swift */ = {isa = PBXFileReference; lastKnownFileType = sourcecode.swift; path = DisplayGrid3x3Sectors.swift; sourceTree = "<group>"; };
		06A5254E2CEF886600532A51 /* MultiDisplayGrid.swift */ = {isa = PBXFileReference; lastKnownFileType = sourcecode.swift; path = MultiDisplayGrid.swift; sourceTree = "<group>"; };
		06A5254F2CEF886600532A51 /* PseudoBoatView.swift */ = {isa = PBXFileReference; lastKnownFileType = sourcecode.swift; path = PseudoBoatView.swift; sourceTree = "<group>"; };
		06A525512CEF886600532A51 /* VMGCalculator.swift */ = {isa = PBXFileReference; lastKnownFileType = sourcecode.swift; path = VMGCalculator.swift; sourceTree = "<group>"; };
		06A5255C2CF077AB00532A51 /* Waypoints.swift */ = {isa = PBXFileReference; lastKnownFileType = sourcecode.swift; path = Waypoints.swift; sourceTree = "<group>"; };
		06A525692CF09EDD00532A51 /* UltimateNavigationView.swift */ = {isa = PBXFileReference; lastKnownFileType = sourcecode.swift; path = UltimateNavigationView.swift; sourceTree = "<group>"; };
		06A5256B2CF0A14800532A51 /* AnemometerView.swift */ = {isa = PBXFileReference; lastKnownFileType = sourcecode.swift; path = AnemometerView.swift; sourceTree = "<group>"; };
		06A525742CF0AE0B00532A51 /* BearingMarkerView.swift */ = {isa = PBXFileReference; lastKnownFileType = sourcecode.swift; path = BearingMarkerView.swift; sourceTree = "<group>"; };
		06A5257C2CF28BE300532A51 /* DisplayMenu.swift */ = {isa = PBXFileReference; lastKnownFileType = sourcecode.swift; path = DisplayMenu.swift; sourceTree = "<group>"; };
		06A525842CF4B75C00532A51 /* CustomShapes.swift */ = {isa = PBXFileReference; lastKnownFileType = sourcecode.swift; path = CustomShapes.swift; sourceTree = "<group>"; };
		06A525882CF4BD9800532A51 /* CompassLabelView.swift */ = {isa = PBXFileReference; lastKnownFileType = sourcecode.swift; path = CompassLabelView.swift; sourceTree = "<group>"; };
		06A5258A2CF4BDC300532A51 /* GaugeMarkerCompass.swift */ = {isa = PBXFileReference; lastKnownFileType = sourcecode.swift; path = GaugeMarkerCompass.swift; sourceTree = "<group>"; };
		06A5258D2CF5D24300532A51 /* VMGModels.swift */ = {isa = PBXFileReference; lastKnownFileType = sourcecode.swift; path = VMGModels.swift; sourceTree = "<group>"; };
		06A5258F2CF5D2C600532A51 /* MultiDisplayMatrix.swift */ = {isa = PBXFileReference; lastKnownFileType = sourcecode.swift; path = MultiDisplayMatrix.swift; sourceTree = "<group>"; };
		06A525912CF5D2F100532A51 /* UltimateViewMatrix.swift */ = {isa = PBXFileReference; lastKnownFileType = sourcecode.swift; path = UltimateViewMatrix.swift; sourceTree = "<group>"; };
		06A525932CF5D31600532A51 /* UserSettingsMenu.swift */ = {isa = PBXFileReference; lastKnownFileType = sourcecode.swift; path = UserSettingsMenu.swift; sourceTree = "<group>"; };
		06ABCE2D2AA162600067DCAA /* NMEASentencesExtasy */ = {isa = PBXFileReference; lastKnownFileType = text; path = NMEASentencesExtasy; sourceTree = "<group>"; };
		06BFC92A2B69A00300E74C47 /* PreviewContainer.swift */ = {isa = PBXFileReference; lastKnownFileType = sourcecode.swift; path = PreviewContainer.swift; sourceTree = "<group>"; };
		06CF54992BC1FC2600F21A12 /* README.md */ = {isa = PBXFileReference; lastKnownFileType = net.daringfireball.markdown; path = README.md; sourceTree = "<group>"; };
		06F483BC2A8F258300B701EC /* AvailableFontsSwiftUI.swift */ = {isa = PBXFileReference; lastKnownFileType = sourcecode.swift; path = AvailableFontsSwiftUI.swift; sourceTree = "<group>"; };
		06FC30D22CBC13BE00E5DBF9 /* diagram.txt */ = {isa = PBXFileReference; lastKnownFileType = text; path = diagram.txt; sourceTree = "<group>"; };
		06FC6E4C2B55D9BB006AF16A /* WaypointListView.swift */ = {isa = PBXFileReference; lastKnownFileType = sourcecode.swift; path = WaypointListView.swift; sourceTree = "<group>"; };
		181601E02AD0F20700D6D31B /* DisplayCells.swift */ = {isa = PBXFileReference; lastKnownFileType = sourcecode.swift; path = DisplayCells.swift; sourceTree = "<group>"; };
		188B2B652ADB5EA000836F66 /* MapView.swift */ = {isa = PBXFileReference; lastKnownFileType = sourcecode.swift; path = MapView.swift; sourceTree = "<group>"; };
		18A8FA732ACB974200EE2128 /* UltimateView.swift */ = {isa = PBXFileReference; lastKnownFileType = sourcecode.swift; path = UltimateView.swift; sourceTree = "<group>"; };
		18EDC55A2ACD052C003C82B2 /* MultiDisplay.swift */ = {isa = PBXFileReference; lastKnownFileType = sourcecode.swift; path = MultiDisplay.swift; sourceTree = "<group>"; };
		383EEC242AB359BE00C2F22B /* RawNavigationDataView.swift */ = {isa = PBXFileReference; lastKnownFileType = sourcecode.swift; path = RawNavigationDataView.swift; sourceTree = "<group>"; };
/* End PBXFileReference section */

/* Begin PBXFileSystemSynchronizedRootGroup section */
		069EEA772CECCA6B00357A05 /* ExtasyCompleteNavigationTests */ = {isa = PBXFileSystemSynchronizedRootGroup; explicitFileTypes = {}; explicitFolders = (); path = ExtasyCompleteNavigationTests; sourceTree = "<group>"; };
		06C0D8CA2CE6ABE6001B258A /* Utilities */ = {isa = PBXFileSystemSynchronizedRootGroup; explicitFileTypes = {}; explicitFolders = (); path = Utilities; sourceTree = "<group>"; };
/* End PBXFileSystemSynchronizedRootGroup section */

/* Begin PBXFrameworksBuildPhase section */
		066311A82A38DB6B00AAE263 /* Frameworks */ = {
			isa = PBXFrameworksBuildPhase;
			buildActionMask = 2147483647;
			files = (
				0676620B2AA8096E00544940 /* CocoaAsyncSocket in Frameworks */,
			);
			runOnlyForDeploymentPostprocessing = 0;
		};
		069EEA732CECCA6B00357A05 /* Frameworks */ = {
			isa = PBXFrameworksBuildPhase;
			buildActionMask = 2147483647;
			files = (
			);
			runOnlyForDeploymentPostprocessing = 0;
		};
/* End PBXFrameworksBuildPhase section */

/* Begin PBXGroup section */
		0621D1172CFD0D57009C062F /* Docs */ = {
			isa = PBXGroup;
			children = (
				0621D1182CFD0D6C009C062F /* ExtasyCompleteNavigation-SA-Diagram.pdf */,
			);
			path = Docs;
			sourceTree = "<group>";
		};
		066311A22A38DB6B00AAE263 = {
			isa = PBXGroup;
			children = (
				066311AD2A38DB6B00AAE263 /* ExtasyCompleteNavigation */,
				069EEA772CECCA6B00357A05 /* ExtasyCompleteNavigationTests */,
				066311AC2A38DB6B00AAE263 /* Products */,
			);
			sourceTree = "<group>";
		};
		066311AC2A38DB6B00AAE263 /* Products */ = {
			isa = PBXGroup;
			children = (
				066311AB2A38DB6B00AAE263 /* ExtasyCompleteNavigation.app */,
				069EEA762CECCA6B00357A05 /* ExtasyCompleteNavigationTests.xctest */,
			);
			name = Products;
			sourceTree = "<group>";
		};
		066311AD2A38DB6B00AAE263 /* ExtasyCompleteNavigation */ = {
			isa = PBXGroup;
			children = (
				066311AE2A38DB6B00AAE263 /* ExtasyCompleteNavigationApp.swift */,
				066311B02A38DB6B00AAE263 /* ContentView.swift */,
				069EEA5B2CEB623700357A05 /* Networking */,
				069EEA572CEB500200357A05 /* Managers */,
				069EEA5C2CEB759E00357A05 /* Parsing */,
				069EEA682CEB890600357A05 /* Modules */,
				06C0D8C72CCD9CF0001B258A /* Model */,
				06C0D8C92CCD9D0D001B258A /* ViewModel */,
				06C0D8C82CCD9CFD001B258A /* View */,
				06C0D8CA2CE6ABE6001B258A /* Utilities */,
				0621D1172CFD0D57009C062F /* Docs */,
				06F483BB2A8F256500B701EC /* Resources */,
				066311B42A38DB6C00AAE263 /* PreviewContent */,
				066311B22A38DB6C00AAE263 /* Assets.xcassets */,
				06CF54992BC1FC2600F21A12 /* README.md */,
			);
			path = ExtasyCompleteNavigation;
			sourceTree = "<group>";
		};
		066311B42A38DB6C00AAE263 /* PreviewContent */ = {
			isa = PBXGroup;
			children = (
				069EEA532CEB40CC00357A05 /* Preview.swift */,
				069EEA512CEB401000357A05 /* UserSettingsSample.swift */,
				066311B52A38DB6C00AAE263 /* Preview Assets.xcassets */,
			);
			path = PreviewContent;
			sourceTree = "<group>";
		};
		069EEA572CEB500200357A05 /* Managers */ = {
			isa = PBXGroup;
			children = (
				069EEA582CEB502E00357A05 /* NavigationManager.swift */,
			);
			path = Managers;
			sourceTree = "<group>";
		};
		069EEA5B2CEB623700357A05 /* Networking */ = {
			isa = PBXGroup;
			children = (
				069EEA552CEB4A0F00357A05 /* UDPHandler.swift */,
			);
			path = Networking;
			sourceTree = "<group>";
		};
		069EEA5C2CEB759E00357A05 /* Parsing */ = {
			isa = PBXGroup;
			children = (
				064ACD612A9EE3430018E449 /* NMEAParser.swift */,
			);
			path = Parsing;
			sourceTree = "<group>";
		};
		069EEA682CEB890600357A05 /* Modules */ = {
			isa = PBXGroup;
			children = (
				0686F52D2CEF4B2C007EE554 /* GPSProcessor.swift */,
				0686F5292CEF4165007EE554 /* HydroProcessor.swift */,
				069EEA892CECD28D00357A05 /* CompassProcessor.swift */,
				069EEA692CEB892A00357A05 /* WindProcessor.swift */,
				0686F5342CEF5D51007EE554 /* VMGProcessor.swift */,
				06A525512CEF886600532A51 /* VMGCalculator.swift */,
			);
			path = Modules;
			sourceTree = "<group>";
		};
		06A525622CF07E7C00532A51 /* Waypoints */ = {
			isa = PBXGroup;
			children = (
				06FC6E4C2B55D9BB006AF16A /* WaypointListView.swift */,
				0674D44A2B5B340F0000E20F /* WaypointFIllForm.swift */,
				066CCD882B59D4DB00381E2E /* WaypointDetailedView.swift */,
			);
			path = Waypoints;
			sourceTree = "<group>";
		};
		06A525632CF08D8200532A51 /* SwiftDataModels */ = {
			isa = PBXGroup;
			children = (
				06A525932CF5D31600532A51 /* UserSettingsMenu.swift */,
				06A525912CF5D2F100532A51 /* UltimateViewMatrix.swift */,
				06A5258F2CF5D2C600532A51 /* MultiDisplayMatrix.swift */,
				06A5258D2CF5D24300532A51 /* VMGModels.swift */,
				181601E02AD0F20700D6D31B /* DisplayCells.swift */,
				06A5255C2CF077AB00532A51 /* Waypoints.swift */,
			);
			path = SwiftDataModels;
			sourceTree = "<group>";
		};
		06A525662CF092A900532A51 /* UltimateView */ = {
			isa = PBXGroup;
			children = (
				18A8FA732ACB974200EE2128 /* UltimateView.swift */,
				06A525692CF09EDD00532A51 /* UltimateNavigationView.swift */,
				069EEA4F2CEB31F400357A05 /* SettingsMenuView.swift */,
				188B2B652ADB5EA000836F66 /* MapView.swift */,
				383EEC242AB359BE00C2F22B /* RawNavigationDataView.swift */,
				06A5254F2CEF886600532A51 /* PseudoBoatView.swift */,
				063650372B671592002AF39C /* SmallCornerView.swift */,
				06A5258C2CF4BDE200532A51 /* AnemometerView */,
				06A525872CF4BD7D00532A51 /* CompassView */,
				06A525742CF0AE0B00532A51 /* BearingMarkerView.swift */,
			);
			path = UltimateView;
			sourceTree = "<group>";
		};
		06A525672CF092E000532A51 /* VMGView */ = {
			isa = PBXGroup;
			children = (
				063659CD2B546CFF00B22B5C /* VMGView.swift */,
				063BD7A12CF795F200732F50 /* BearingToMarkView.swift */,
				067A2CE72B74552C0058A689 /* DistanceToWaypoint.swift */,
				067A2CE12B6EE53A0058A689 /* DistanceToNextTack.swift */,
				067A2CDF2B6EE3FE0058A689 /* CoordinatesView.swift */,
			);
			path = VMGView;
			sourceTree = "<group>";
		};
		06A525682CF0930400532A51 /* MultiDisplay */ = {
			isa = PBXGroup;
			children = (
				18EDC55A2ACD052C003C82B2 /* MultiDisplay.swift */,
				06A5257C2CF28BE300532A51 /* DisplayMenu.swift */,
			);
			path = MultiDisplay;
			sourceTree = "<group>";
		};
		06A525862CF4B76200532A51 /* Shapes */ = {
			isa = PBXGroup;
			children = (
				06A525842CF4B75C00532A51 /* CustomShapes.swift */,
				06A5254C2CEF886600532A51 /* DisplayGrid3x3Sectors.swift */,
				06A5254E2CEF886600532A51 /* MultiDisplayGrid.swift */,
			);
			path = Shapes;
			sourceTree = "<group>";
		};
		06A525872CF4BD7D00532A51 /* CompassView */ = {
			isa = PBXGroup;
			children = (
				06A525882CF4BD9800532A51 /* CompassLabelView.swift */,
				06A5258A2CF4BDC300532A51 /* GaugeMarkerCompass.swift */,
				0686F5252CEE0D26007EE554 /* CompassView.swift */,
			);
			path = CompassView;
			sourceTree = "<group>";
		};
		06A5258C2CF4BDE200532A51 /* AnemometerView */ = {
			isa = PBXGroup;
			children = (
				06A5256B2CF0A14800532A51 /* AnemometerView.swift */,
			);
			path = AnemometerView;
			sourceTree = "<group>";
		};
		06A525952CF5E33100532A51 /* Common */ = {
			isa = PBXGroup;
			children = (
				062866512CF7BB3B0004B484 /* ReusableDistanceCell.swift */,
				063BD7A42CF7A4E500732F50 /* ReusableSpeedCell.swift */,
				067A2CDB2B6ED61E0058A689 /* ReusableETACell.swift */,
				0641C3F22A9AF061008799BC /* DisplayCell.swift */,
			);
			path = Common;
			sourceTree = "<group>";
		};
		06C0D8C72CCD9CF0001B258A /* Model */ = {
			isa = PBXGroup;
			children = (
				0686F52B2CEF4A99007EE554 /* GPSData.swift */,
				0686F5272CEF40CB007EE554 /* HydroData.swift */,
				069EEA872CECD25800357A05 /* CompassData.swift */,
				069EEA662CEB88A300357A05 /* WindData.swift */,
				0686F5322CEF5893007EE554 /* VMGData.swift */,
				06A525632CF08D8200532A51 /* SwiftDataModels */,
			);
			path = Model;
			sourceTree = "<group>";
		};
		06C0D8C82CCD9CFD001B258A /* View */ = {
			isa = PBXGroup;
			children = (
				06A525952CF5E33100532A51 /* Common */,
				06A525862CF4B76200532A51 /* Shapes */,
				06A525672CF092E000532A51 /* VMGView */,
				06A525622CF07E7C00532A51 /* Waypoints */,
				06A525662CF092A900532A51 /* UltimateView */,
				06A525682CF0930400532A51 /* MultiDisplay */,
			);
			path = View;
			sourceTree = "<group>";
		};
		06C0D8C92CCD9D0D001B258A /* ViewModel */ = {
			isa = PBXGroup;
			children = (
				069EEA4D2CEB2D3500357A05 /* SettingsMenuViewModel.swift */,
				063BD79D2CF69DED00732F50 /* VMGViewModel.swift */,
			);
			path = ViewModel;
			sourceTree = "<group>";
		};
		06F483BB2A8F256500B701EC /* Resources */ = {
			isa = PBXGroup;
			children = (
				06F483BC2A8F258300B701EC /* AvailableFontsSwiftUI.swift */,
				06BFC92A2B69A00300E74C47 /* PreviewContainer.swift */,
				06FC30D22CBC13BE00E5DBF9 /* diagram.txt */,
				06ABCE2D2AA162600067DCAA /* NMEASentencesExtasy */,
			);
			path = Resources;
			sourceTree = "<group>";
		};
/* End PBXGroup section */

/* Begin PBXNativeTarget section */
		066311AA2A38DB6B00AAE263 /* ExtasyCompleteNavigation */ = {
			isa = PBXNativeTarget;
			buildConfigurationList = 066311B92A38DB6C00AAE263 /* Build configuration list for PBXNativeTarget "ExtasyCompleteNavigation" */;
			buildPhases = (
				066311A72A38DB6B00AAE263 /* Sources */,
				066311A82A38DB6B00AAE263 /* Frameworks */,
				066311A92A38DB6B00AAE263 /* Resources */,
			);
			buildRules = (
			);
			dependencies = (
			);
			fileSystemSynchronizedGroups = (
				06C0D8CA2CE6ABE6001B258A /* Utilities */,
			);
			name = ExtasyCompleteNavigation;
			packageProductDependencies = (
				0676620A2AA8096E00544940 /* CocoaAsyncSocket */,
			);
			productName = ExtasyCompleteNavigation;
			productReference = 066311AB2A38DB6B00AAE263 /* ExtasyCompleteNavigation.app */;
			productType = "com.apple.product-type.application";
		};
		069EEA752CECCA6B00357A05 /* ExtasyCompleteNavigationTests */ = {
			isa = PBXNativeTarget;
			buildConfigurationList = 069EEA7C2CECCA6B00357A05 /* Build configuration list for PBXNativeTarget "ExtasyCompleteNavigationTests" */;
			buildPhases = (
				069EEA722CECCA6B00357A05 /* Sources */,
				069EEA732CECCA6B00357A05 /* Frameworks */,
				069EEA742CECCA6B00357A05 /* Resources */,
			);
			buildRules = (
			);
			dependencies = (
				069EEA7B2CECCA6B00357A05 /* PBXTargetDependency */,
			);
			fileSystemSynchronizedGroups = (
				069EEA772CECCA6B00357A05 /* ExtasyCompleteNavigationTests */,
			);
			name = ExtasyCompleteNavigationTests;
			packageProductDependencies = (
			);
			productName = ExtasyCompleteNavigationTests;
			productReference = 069EEA762CECCA6B00357A05 /* ExtasyCompleteNavigationTests.xctest */;
			productType = "com.apple.product-type.bundle.unit-test";
		};
/* End PBXNativeTarget section */

/* Begin PBXProject section */
		066311A32A38DB6B00AAE263 /* Project object */ = {
			isa = PBXProject;
			attributes = {
				BuildIndependentTargetsInParallel = 1;
				LastSwiftUpdateCheck = 1600;
				LastUpgradeCheck = 1600;
				TargetAttributes = {
					066311AA2A38DB6B00AAE263 = {
						CreatedOnToolsVersion = 14.3.1;
					};
					069EEA752CECCA6B00357A05 = {
						CreatedOnToolsVersion = 16.0;
						TestTargetID = 066311AA2A38DB6B00AAE263;
					};
				};
			};
			buildConfigurationList = 066311A62A38DB6B00AAE263 /* Build configuration list for PBXProject "ExtasyCompleteNavigation" */;
			compatibilityVersion = "Xcode 14.0";
			developmentRegion = en;
			hasScannedForEncodings = 0;
			knownRegions = (
				en,
				Base,
			);
			mainGroup = 066311A22A38DB6B00AAE263;
			packageReferences = (
				067662092AA8096E00544940 /* XCRemoteSwiftPackageReference "CocoaAsyncSocket" */,
			);
			productRefGroup = 066311AC2A38DB6B00AAE263 /* Products */;
			projectDirPath = "";
			projectRoot = "";
			targets = (
				066311AA2A38DB6B00AAE263 /* ExtasyCompleteNavigation */,
				069EEA752CECCA6B00357A05 /* ExtasyCompleteNavigationTests */,
			);
		};
/* End PBXProject section */

/* Begin PBXResourcesBuildPhase section */
		066311A92A38DB6B00AAE263 /* Resources */ = {
			isa = PBXResourcesBuildPhase;
			buildActionMask = 2147483647;
			files = (
				06CF549A2BC1FC2600F21A12 /* README.md in Resources */,
				06ABCE2E2AA162600067DCAA /* NMEASentencesExtasy in Resources */,
				066311B62A38DB6C00AAE263 /* Preview Assets.xcassets in Resources */,
				0621D1192CFD0D6C009C062F /* ExtasyCompleteNavigation-SA-Diagram.pdf in Resources */,
				06FC30D32CBC13BE00E5DBF9 /* diagram.txt in Resources */,
				066311B32A38DB6C00AAE263 /* Assets.xcassets in Resources */,
			);
			runOnlyForDeploymentPostprocessing = 0;
		};
		069EEA742CECCA6B00357A05 /* Resources */ = {
			isa = PBXResourcesBuildPhase;
			buildActionMask = 2147483647;
			files = (
			);
			runOnlyForDeploymentPostprocessing = 0;
		};
/* End PBXResourcesBuildPhase section */

/* Begin PBXSourcesBuildPhase section */
		066311A72A38DB6B00AAE263 /* Sources */ = {
			isa = PBXSourcesBuildPhase;
			buildActionMask = 2147483647;
			files = (
				069EEA592CEB503400357A05 /* NavigationManager.swift in Sources */,
				0674D44B2B5B340F0000E20F /* WaypointFIllForm.swift in Sources */,
				069EEA562CEB4A1500357A05 /* UDPHandler.swift in Sources */,
				18A8FA742ACB974200EE2128 /* UltimateView.swift in Sources */,
				06A525752CF0AE0B00532A51 /* BearingMarkerView.swift in Sources */,
				188B2B662ADB5EA000836F66 /* MapView.swift in Sources */,
				069EEA882CECD25800357A05 /* CompassData.swift in Sources */,
				383EEC252AB359BE00C2F22B /* RawNavigationDataView.swift in Sources */,
				067A2CDC2B6ED61E0058A689 /* ReusableETACell.swift in Sources */,
				06A5257D2CF28BE300532A51 /* DisplayMenu.swift in Sources */,
				067A2CE82B74552C0058A689 /* DistanceToWaypoint.swift in Sources */,
				069EEA522CEB401700357A05 /* UserSettingsSample.swift in Sources */,
				0686F5262CEE0D2B007EE554 /* CompassView.swift in Sources */,
				181601E12AD0F20700D6D31B /* DisplayCells.swift in Sources */,
				06A525522CEF886600532A51 /* DisplayGrid3x3Sectors.swift in Sources */,
				06A525542CEF886600532A51 /* MultiDisplayGrid.swift in Sources */,
				063BD7A52CF7A4E500732F50 /* ReusableSpeedCell.swift in Sources */,
				06A525942CF5D31D00532A51 /* UserSettingsMenu.swift in Sources */,
				06A525552CEF886600532A51 /* PseudoBoatView.swift in Sources */,
				06A5256A2CF09EDD00532A51 /* UltimateNavigationView.swift in Sources */,
				06A5258B2CF4BDC300532A51 /* GaugeMarkerCompass.swift in Sources */,
				06A525572CEF886600532A51 /* VMGCalculator.swift in Sources */,
				063BD79E2CF69DED00732F50 /* VMGViewModel.swift in Sources */,
				0686F5332CEF5893007EE554 /* VMGData.swift in Sources */,
				069EEA672CEB88A800357A05 /* WindData.swift in Sources */,
				0686F52C2CEF4A9C007EE554 /* GPSData.swift in Sources */,
				06A5258E2CF5D24600532A51 /* VMGModels.swift in Sources */,
				0686F52E2CEF4B31007EE554 /* GPSProcessor.swift in Sources */,
				069EEA502CEB31FA00357A05 /* SettingsMenuView.swift in Sources */,
				06A5255D2CF077AB00532A51 /* Waypoints.swift in Sources */,
				069EEA8A2CECD28D00357A05 /* CompassProcessor.swift in Sources */,
				069EEA4E2CEB2D4000357A05 /* SettingsMenuViewModel.swift in Sources */,
				067A2CE02B6EE3FE0058A689 /* CoordinatesView.swift in Sources */,
				067A2CE22B6EE53A0058A689 /* DistanceToNextTack.swift in Sources */,
				06A525852CF4B75F00532A51 /* CustomShapes.swift in Sources */,
				06F483BD2A8F258300B701EC /* AvailableFontsSwiftUI.swift in Sources */,
				063BD7A22CF795F800732F50 /* BearingToMarkView.swift in Sources */,
				06FC6E4D2B55D9BB006AF16A /* WaypointListView.swift in Sources */,
				06A5256C2CF0A14800532A51 /* AnemometerView.swift in Sources */,
				064ACD622A9EE3430018E449 /* NMEAParser.swift in Sources */,
				063650382B671592002AF39C /* SmallCornerView.swift in Sources */,
				0641C3F32A9AF061008799BC /* DisplayCell.swift in Sources */,
				0686F52A2CEF4169007EE554 /* HydroProcessor.swift in Sources */,
				06BFC92B2B69A00300E74C47 /* PreviewContainer.swift in Sources */,
				18EDC55B2ACD052C003C82B2 /* MultiDisplay.swift in Sources */,
				0686F5352CEF5D51007EE554 /* VMGProcessor.swift in Sources */,
				063659CE2B546CFF00B22B5C /* VMGView.swift in Sources */,
				06A525892CF4BD9800532A51 /* CompassLabelView.swift in Sources */,
				0686F5282CEF40CE007EE554 /* HydroData.swift in Sources */,
				06A525922CF5D2F700532A51 /* UltimateViewMatrix.swift in Sources */,
				066311B12A38DB6B00AAE263 /* ContentView.swift in Sources */,
				066311AF2A38DB6B00AAE263 /* ExtasyCompleteNavigationApp.swift in Sources */,
				069EEA6A2CEB893200357A05 /* WindProcessor.swift in Sources */,
				069EEA542CEB40CE00357A05 /* Preview.swift in Sources */,
				062866522CF7BB3B0004B484 /* ReusableDistanceCell.swift in Sources */,
				066CCD892B59D4DB00381E2E /* WaypointDetailedView.swift in Sources */,
				06A525902CF5D2CD00532A51 /* MultiDisplayMatrix.swift in Sources */,
			);
			runOnlyForDeploymentPostprocessing = 0;
		};
		069EEA722CECCA6B00357A05 /* Sources */ = {
			isa = PBXSourcesBuildPhase;
			buildActionMask = 2147483647;
			files = (
			);
			runOnlyForDeploymentPostprocessing = 0;
		};
/* End PBXSourcesBuildPhase section */

/* Begin PBXTargetDependency section */
		069EEA7B2CECCA6B00357A05 /* PBXTargetDependency */ = {
			isa = PBXTargetDependency;
			target = 066311AA2A38DB6B00AAE263 /* ExtasyCompleteNavigation */;
			targetProxy = 069EEA7A2CECCA6B00357A05 /* PBXContainerItemProxy */;
		};
/* End PBXTargetDependency section */

/* Begin XCBuildConfiguration section */
		066311B72A38DB6C00AAE263 /* Debug */ = {
			isa = XCBuildConfiguration;
			buildSettings = {
				ALWAYS_SEARCH_USER_PATHS = NO;
				CLANG_ANALYZER_NONNULL = YES;
				CLANG_ANALYZER_NUMBER_OBJECT_CONVERSION = YES_AGGRESSIVE;
				CLANG_CXX_LANGUAGE_STANDARD = "gnu++20";
				CLANG_ENABLE_MODULES = YES;
				CLANG_ENABLE_OBJC_ARC = YES;
				CLANG_ENABLE_OBJC_WEAK = YES;
				CLANG_WARN_BLOCK_CAPTURE_AUTORELEASING = YES;
				CLANG_WARN_BOOL_CONVERSION = YES;
				CLANG_WARN_COMMA = YES;
				CLANG_WARN_CONSTANT_CONVERSION = YES;
				CLANG_WARN_DEPRECATED_OBJC_IMPLEMENTATIONS = YES;
				CLANG_WARN_DIRECT_OBJC_ISA_USAGE = YES_ERROR;
				CLANG_WARN_DOCUMENTATION_COMMENTS = YES;
				CLANG_WARN_EMPTY_BODY = YES;
				CLANG_WARN_ENUM_CONVERSION = YES;
				CLANG_WARN_INFINITE_RECURSION = YES;
				CLANG_WARN_INT_CONVERSION = YES;
				CLANG_WARN_NON_LITERAL_NULL_CONVERSION = YES;
				CLANG_WARN_OBJC_IMPLICIT_RETAIN_SELF = YES;
				CLANG_WARN_OBJC_LITERAL_CONVERSION = YES;
				CLANG_WARN_OBJC_ROOT_CLASS = YES_ERROR;
				CLANG_WARN_QUOTED_INCLUDE_IN_FRAMEWORK_HEADER = YES;
				CLANG_WARN_RANGE_LOOP_ANALYSIS = YES;
				CLANG_WARN_STRICT_PROTOTYPES = YES;
				CLANG_WARN_SUSPICIOUS_MOVE = YES;
				CLANG_WARN_UNGUARDED_AVAILABILITY = YES_AGGRESSIVE;
				CLANG_WARN_UNREACHABLE_CODE = YES;
				CLANG_WARN__DUPLICATE_METHOD_MATCH = YES;
				COPY_PHASE_STRIP = NO;
				DEBUG_INFORMATION_FORMAT = dwarf;
				ENABLE_STRICT_OBJC_MSGSEND = YES;
				ENABLE_TESTABILITY = YES;
				ENABLE_USER_SCRIPT_SANDBOXING = YES;
				GCC_C_LANGUAGE_STANDARD = gnu11;
				GCC_DYNAMIC_NO_PIC = NO;
				GCC_NO_COMMON_BLOCKS = YES;
				GCC_OPTIMIZATION_LEVEL = 0;
				GCC_PREPROCESSOR_DEFINITIONS = (
					"DEBUG=1",
					"$(inherited)",
				);
				GCC_WARN_64_TO_32_BIT_CONVERSION = YES;
				GCC_WARN_ABOUT_RETURN_TYPE = YES_ERROR;
				GCC_WARN_UNDECLARED_SELECTOR = YES;
				GCC_WARN_UNINITIALIZED_AUTOS = YES_AGGRESSIVE;
				GCC_WARN_UNUSED_FUNCTION = YES;
				GCC_WARN_UNUSED_VARIABLE = YES;
				IPHONEOS_DEPLOYMENT_TARGET = 17.0;
				MTL_ENABLE_DEBUG_INFO = INCLUDE_SOURCE;
				MTL_FAST_MATH = YES;
				ONLY_ACTIVE_ARCH = YES;
				SDKROOT = iphoneos;
				SWIFT_ACTIVE_COMPILATION_CONDITIONS = DEBUG;
				SWIFT_OPTIMIZATION_LEVEL = "-Onone";
			};
			name = Debug;
		};
		066311B82A38DB6C00AAE263 /* Release */ = {
			isa = XCBuildConfiguration;
			buildSettings = {
				ALWAYS_SEARCH_USER_PATHS = NO;
				CLANG_ANALYZER_NONNULL = YES;
				CLANG_ANALYZER_NUMBER_OBJECT_CONVERSION = YES_AGGRESSIVE;
				CLANG_CXX_LANGUAGE_STANDARD = "gnu++20";
				CLANG_ENABLE_MODULES = YES;
				CLANG_ENABLE_OBJC_ARC = YES;
				CLANG_ENABLE_OBJC_WEAK = YES;
				CLANG_WARN_BLOCK_CAPTURE_AUTORELEASING = YES;
				CLANG_WARN_BOOL_CONVERSION = YES;
				CLANG_WARN_COMMA = YES;
				CLANG_WARN_CONSTANT_CONVERSION = YES;
				CLANG_WARN_DEPRECATED_OBJC_IMPLEMENTATIONS = YES;
				CLANG_WARN_DIRECT_OBJC_ISA_USAGE = YES_ERROR;
				CLANG_WARN_DOCUMENTATION_COMMENTS = YES;
				CLANG_WARN_EMPTY_BODY = YES;
				CLANG_WARN_ENUM_CONVERSION = YES;
				CLANG_WARN_INFINITE_RECURSION = YES;
				CLANG_WARN_INT_CONVERSION = YES;
				CLANG_WARN_NON_LITERAL_NULL_CONVERSION = YES;
				CLANG_WARN_OBJC_IMPLICIT_RETAIN_SELF = YES;
				CLANG_WARN_OBJC_LITERAL_CONVERSION = YES;
				CLANG_WARN_OBJC_ROOT_CLASS = YES_ERROR;
				CLANG_WARN_QUOTED_INCLUDE_IN_FRAMEWORK_HEADER = YES;
				CLANG_WARN_RANGE_LOOP_ANALYSIS = YES;
				CLANG_WARN_STRICT_PROTOTYPES = YES;
				CLANG_WARN_SUSPICIOUS_MOVE = YES;
				CLANG_WARN_UNGUARDED_AVAILABILITY = YES_AGGRESSIVE;
				CLANG_WARN_UNREACHABLE_CODE = YES;
				CLANG_WARN__DUPLICATE_METHOD_MATCH = YES;
				COPY_PHASE_STRIP = NO;
				DEBUG_INFORMATION_FORMAT = "dwarf-with-dsym";
				ENABLE_NS_ASSERTIONS = NO;
				ENABLE_STRICT_OBJC_MSGSEND = YES;
				ENABLE_USER_SCRIPT_SANDBOXING = YES;
				GCC_C_LANGUAGE_STANDARD = gnu11;
				GCC_NO_COMMON_BLOCKS = YES;
				GCC_WARN_64_TO_32_BIT_CONVERSION = YES;
				GCC_WARN_ABOUT_RETURN_TYPE = YES_ERROR;
				GCC_WARN_UNDECLARED_SELECTOR = YES;
				GCC_WARN_UNINITIALIZED_AUTOS = YES_AGGRESSIVE;
				GCC_WARN_UNUSED_FUNCTION = YES;
				GCC_WARN_UNUSED_VARIABLE = YES;
				IPHONEOS_DEPLOYMENT_TARGET = 17.0;
				MTL_ENABLE_DEBUG_INFO = NO;
				MTL_FAST_MATH = YES;
				SDKROOT = iphoneos;
				SWIFT_OPTIMIZATION_LEVEL = "-Onone";
				VALIDATE_PRODUCT = YES;
			};
			name = Release;
		};
		066311BA2A38DB6C00AAE263 /* Debug */ = {
			isa = XCBuildConfiguration;
			buildSettings = {
				ASSETCATALOG_COMPILER_APPICON_NAME = AppIcon;
				ASSETCATALOG_COMPILER_GLOBAL_ACCENT_COLOR_NAME = AccentColor;
				CODE_SIGN_STYLE = Automatic;
				CURRENT_PROJECT_VERSION = 1;
				DEVELOPMENT_ASSET_PATHS = "\"ExtasyCompleteNavigation/PreviewContent\"";
				DEVELOPMENT_TEAM = V73TDMAF88;
				ENABLE_PREVIEWS = YES;
				GENERATE_INFOPLIST_FILE = YES;
				INFOPLIST_FILE = ExtasyCompleteNavigation/Info.plist;
				INFOPLIST_KEY_NSLocalNetworkUsageDescription = "We need access for communication with the navigational instruments";
				INFOPLIST_KEY_NSLocationWhenInUseUsageDescription = "We need your location to give you GPS data";
				INFOPLIST_KEY_UIApplicationSceneManifest_Generation = YES;
				INFOPLIST_KEY_UIApplicationSupportsIndirectInputEvents = YES;
				INFOPLIST_KEY_UILaunchScreen_Generation = YES;
				INFOPLIST_KEY_UISupportedInterfaceOrientations_iPad = "UIInterfaceOrientationPortrait UIInterfaceOrientationPortraitUpsideDown UIInterfaceOrientationLandscapeLeft UIInterfaceOrientationLandscapeRight";
				INFOPLIST_KEY_UISupportedInterfaceOrientations_iPhone = "UIInterfaceOrientationPortrait UIInterfaceOrientationLandscapeLeft UIInterfaceOrientationLandscapeRight";
				IPHONEOS_DEPLOYMENT_TARGET = 17.0;
				LD_RUNPATH_SEARCH_PATHS = (
					"$(inherited)",
					"@executable_path/Frameworks",
				);
				MARKETING_VERSION = 1.0;
				PRODUCT_BUNDLE_IDENTIFIER = com.bacata.ExtasyCompleteNavigation;
				PRODUCT_NAME = "$(TARGET_NAME)";
				SWIFT_EMIT_LOC_STRINGS = YES;
				SWIFT_VERSION = 5.0;
				TARGETED_DEVICE_FAMILY = "1,2";
			};
			name = Debug;
		};
		066311BB2A38DB6C00AAE263 /* Release */ = {
			isa = XCBuildConfiguration;
			buildSettings = {
				ASSETCATALOG_COMPILER_APPICON_NAME = AppIcon;
				ASSETCATALOG_COMPILER_GLOBAL_ACCENT_COLOR_NAME = AccentColor;
				CODE_SIGN_STYLE = Automatic;
				CURRENT_PROJECT_VERSION = 1;
				DEVELOPMENT_ASSET_PATHS = "\"ExtasyCompleteNavigation/PreviewContent\"";
				DEVELOPMENT_TEAM = V73TDMAF88;
				ENABLE_PREVIEWS = YES;
				GENERATE_INFOPLIST_FILE = YES;
				INFOPLIST_FILE = ExtasyCompleteNavigation/Info.plist;
				INFOPLIST_KEY_NSLocalNetworkUsageDescription = "We need access for communication with the navigational instruments";
				INFOPLIST_KEY_NSLocationWhenInUseUsageDescription = "We need your location to give you GPS data";
				INFOPLIST_KEY_UIApplicationSceneManifest_Generation = YES;
				INFOPLIST_KEY_UIApplicationSupportsIndirectInputEvents = YES;
				INFOPLIST_KEY_UILaunchScreen_Generation = YES;
				INFOPLIST_KEY_UISupportedInterfaceOrientations_iPad = "UIInterfaceOrientationPortrait UIInterfaceOrientationPortraitUpsideDown UIInterfaceOrientationLandscapeLeft UIInterfaceOrientationLandscapeRight";
				INFOPLIST_KEY_UISupportedInterfaceOrientations_iPhone = "UIInterfaceOrientationPortrait UIInterfaceOrientationLandscapeLeft UIInterfaceOrientationLandscapeRight";
				IPHONEOS_DEPLOYMENT_TARGET = 17.0;
				LD_RUNPATH_SEARCH_PATHS = (
					"$(inherited)",
					"@executable_path/Frameworks",
				);
				MARKETING_VERSION = 1.0;
				PRODUCT_BUNDLE_IDENTIFIER = com.bacata.ExtasyCompleteNavigation;
				PRODUCT_NAME = "$(TARGET_NAME)";
				SWIFT_EMIT_LOC_STRINGS = YES;
				SWIFT_VERSION = 5.0;
				TARGETED_DEVICE_FAMILY = "1,2";
			};
			name = Release;
		};
		069EEA7D2CECCA6B00357A05 /* Debug */ = {
			isa = XCBuildConfiguration;
			buildSettings = {
				ASSETCATALOG_COMPILER_GENERATE_SWIFT_ASSET_SYMBOL_EXTENSIONS = YES;
				BUNDLE_LOADER = "$(TEST_HOST)";
				CODE_SIGN_STYLE = Automatic;
				CURRENT_PROJECT_VERSION = 1;
				DEVELOPMENT_TEAM = V73TDMAF88;
				GCC_C_LANGUAGE_STANDARD = gnu17;
				GENERATE_INFOPLIST_FILE = YES;
				IPHONEOS_DEPLOYMENT_TARGET = 17.6;
				LOCALIZATION_PREFERS_STRING_CATALOGS = YES;
				MARKETING_VERSION = 1.0;
				PRODUCT_BUNDLE_IDENTIFIER = com.bacata.ExtasyCompleteNavigationTests;
				PRODUCT_NAME = "$(TARGET_NAME)";
				SWIFT_ACTIVE_COMPILATION_CONDITIONS = "DEBUG $(inherited)";
				SWIFT_EMIT_LOC_STRINGS = NO;
				SWIFT_VERSION = 5.0;
				TARGETED_DEVICE_FAMILY = "1,2";
				TEST_HOST = "$(BUILT_PRODUCTS_DIR)/ExtasyCompleteNavigation.app/$(BUNDLE_EXECUTABLE_FOLDER_PATH)/ExtasyCompleteNavigation";
			};
			name = Debug;
		};
		069EEA7E2CECCA6B00357A05 /* Release */ = {
			isa = XCBuildConfiguration;
			buildSettings = {
				ASSETCATALOG_COMPILER_GENERATE_SWIFT_ASSET_SYMBOL_EXTENSIONS = YES;
				BUNDLE_LOADER = "$(TEST_HOST)";
				CODE_SIGN_STYLE = Automatic;
				CURRENT_PROJECT_VERSION = 1;
				DEVELOPMENT_TEAM = V73TDMAF88;
				GCC_C_LANGUAGE_STANDARD = gnu17;
				GENERATE_INFOPLIST_FILE = YES;
				IPHONEOS_DEPLOYMENT_TARGET = 17.6;
				LOCALIZATION_PREFERS_STRING_CATALOGS = YES;
				MARKETING_VERSION = 1.0;
				PRODUCT_BUNDLE_IDENTIFIER = com.bacata.ExtasyCompleteNavigationTests;
				PRODUCT_NAME = "$(TARGET_NAME)";
				SWIFT_COMPILATION_MODE = wholemodule;
				SWIFT_EMIT_LOC_STRINGS = NO;
				SWIFT_VERSION = 5.0;
				TARGETED_DEVICE_FAMILY = "1,2";
				TEST_HOST = "$(BUILT_PRODUCTS_DIR)/ExtasyCompleteNavigation.app/$(BUNDLE_EXECUTABLE_FOLDER_PATH)/ExtasyCompleteNavigation";
			};
			name = Release;
		};
/* End XCBuildConfiguration section */

/* Begin XCConfigurationList section */
		066311A62A38DB6B00AAE263 /* Build configuration list for PBXProject "ExtasyCompleteNavigation" */ = {
			isa = XCConfigurationList;
			buildConfigurations = (
				066311B72A38DB6C00AAE263 /* Debug */,
				066311B82A38DB6C00AAE263 /* Release */,
			);
			defaultConfigurationIsVisible = 0;
			defaultConfigurationName = Release;
		};
		066311B92A38DB6C00AAE263 /* Build configuration list for PBXNativeTarget "ExtasyCompleteNavigation" */ = {
			isa = XCConfigurationList;
			buildConfigurations = (
				066311BA2A38DB6C00AAE263 /* Debug */,
				066311BB2A38DB6C00AAE263 /* Release */,
			);
			defaultConfigurationIsVisible = 0;
			defaultConfigurationName = Release;
		};
		069EEA7C2CECCA6B00357A05 /* Build configuration list for PBXNativeTarget "ExtasyCompleteNavigationTests" */ = {
			isa = XCConfigurationList;
			buildConfigurations = (
				069EEA7D2CECCA6B00357A05 /* Debug */,
				069EEA7E2CECCA6B00357A05 /* Release */,
			);
			defaultConfigurationIsVisible = 0;
			defaultConfigurationName = Release;
		};
/* End XCConfigurationList section */

/* Begin XCRemoteSwiftPackageReference section */
		067662092AA8096E00544940 /* XCRemoteSwiftPackageReference "CocoaAsyncSocket" */ = {
			isa = XCRemoteSwiftPackageReference;
			repositoryURL = "https://github.com/robbiehanson/CocoaAsyncSocket.git";
			requirement = {
				kind = upToNextMajorVersion;
				minimumVersion = 7.0.0;
			};
		};
/* End XCRemoteSwiftPackageReference section */

/* Begin XCSwiftPackageProductDependency section */
		0676620A2AA8096E00544940 /* CocoaAsyncSocket */ = {
			isa = XCSwiftPackageProductDependency;
			package = 067662092AA8096E00544940 /* XCRemoteSwiftPackageReference "CocoaAsyncSocket" */;
			productName = CocoaAsyncSocket;
		};
/* End XCSwiftPackageProductDependency section */
	};
	rootObject = 066311A32A38DB6B00AAE263 /* Project object */;
}
