// !$*UTF8*$!
{
	archiveVersion = 1;
	classes = {
	};
	objectVersion = 70;
	objects = {

/* Begin PBXBuildFile section */
		0608FE3A2D29C8DA0079A03D /* iPhoneView.swift in Sources */ = {isa = PBXBuildFile; fileRef = 0608FE392D29C8D70079A03D /* iPhoneView.swift */; };
		063650382B671592002AF39C /* SmallCornerView.swift in Sources */ = {isa = PBXBuildFile; fileRef = 063650372B671592002AF39C /* SmallCornerView.swift */; };
		0641C3F32A9AF061008799BC /* DisplayCell.swift in Sources */ = {isa = PBXBuildFile; fileRef = 0641C3F22A9AF061008799BC /* DisplayCell.swift */; };
		0647304F2D275C7E009BCF9A /* CalibrateSpeedLog.swift in Sources */ = {isa = PBXBuildFile; fileRef = 0647304E2D275C78009BCF9A /* CalibrateSpeedLog.swift */; };
		0647305D2D29A535009BCF9A /* WaypointCard.swift in Sources */ = {isa = PBXBuildFile; fileRef = 0647305A2D29A535009BCF9A /* WaypointCard.swift */; };
		0647305E2D29A535009BCF9A /* InformationCard.swift in Sources */ = {isa = PBXBuildFile; fileRef = 0647305B2D29A535009BCF9A /* InformationCard.swift */; };
		0647305F2D29A535009BCF9A /* InfoWaypointSection.swift in Sources */ = {isa = PBXBuildFile; fileRef = 064730592D29A535009BCF9A /* InfoWaypointSection.swift */; };
		064730632D29A64D009BCF9A /* PerformanceView.swift in Sources */ = {isa = PBXBuildFile; fileRef = 064730622D29A63E009BCF9A /* PerformanceView.swift */; };
		064ACD622A9EE3430018E449 /* NMEAParser.swift in Sources */ = {isa = PBXBuildFile; fileRef = 064ACD612A9EE3430018E449 /* NMEAParser.swift */; };
		06529FA42D40734000CE6B66 /* share_your_passion.m4a in Resources */ = {isa = PBXBuildFile; fileRef = 06529FA32D40734000CE6B66 /* share_your_passion.m4a */; };
		066311AF2A38DB6B00AAE263 /* ExtasyCompleteNavigationApp.swift in Sources */ = {isa = PBXBuildFile; fileRef = 066311AE2A38DB6B00AAE263 /* ExtasyCompleteNavigationApp.swift */; };
		066311B12A38DB6B00AAE263 /* ContentView.swift in Sources */ = {isa = PBXBuildFile; fileRef = 066311B02A38DB6B00AAE263 /* ContentView.swift */; };
		066311B32A38DB6C00AAE263 /* Assets.xcassets in Resources */ = {isa = PBXBuildFile; fileRef = 066311B22A38DB6C00AAE263 /* Assets.xcassets */; };
		066311B62A38DB6C00AAE263 /* Preview Assets.xcassets in Resources */ = {isa = PBXBuildFile; fileRef = 066311B52A38DB6C00AAE263 /* Preview Assets.xcassets */; };
		066CCD892B59D4DB00381E2E /* WaypointDetailedView.swift in Sources */ = {isa = PBXBuildFile; fileRef = 066CCD882B59D4DB00381E2E /* WaypointDetailedView.swift */; };
		066FD0EF2D41784200FE7AF1 /* AudioManager.swift in Sources */ = {isa = PBXBuildFile; fileRef = 066FD0EE2D41783D00FE7AF1 /* AudioManager.swift */; };
		066FD0F12D42EE8E00FE7AF1 /* ExtasyNavigation-SoftwareArchitectureMap.pdf in Resources */ = {isa = PBXBuildFile; fileRef = 066FD0F02D42EE8E00FE7AF1 /* ExtasyNavigation-SoftwareArchitectureMap.pdf */; };
		067388CB2D3C5F01002C9C54 /* iPhoneVMGView.swift in Sources */ = {isa = PBXBuildFile; fileRef = 067388CA2D3C5F01002C9C54 /* iPhoneVMGView.swift */; };
		067388CD2D3C7893002C9C54 /* iPhoneMultiDisplay.swift in Sources */ = {isa = PBXBuildFile; fileRef = 067388CC2D3C7893002C9C54 /* iPhoneMultiDisplay.swift */; };
		067388CF2D3C7CDF002C9C54 /* iPhoneDisplayCell.swift in Sources */ = {isa = PBXBuildFile; fileRef = 067388CE2D3C7CDF002C9C54 /* iPhoneDisplayCell.swift */; };
		067388D12D3DAC32002C9C54 /* ReadRawNMEA.swift in Sources */ = {isa = PBXBuildFile; fileRef = 067388D02D3DAC2B002C9C54 /* ReadRawNMEA.swift */; };
		0674D44B2B5B340F0000E20F /* WaypointFIllForm.swift in Sources */ = {isa = PBXBuildFile; fileRef = 0674D44A2B5B340F0000E20F /* WaypointFIllForm.swift */; };
		06823F272D1CC70600BA5180 /* TackAlignmentBar.swift in Sources */ = {isa = PBXBuildFile; fileRef = 06823F262D1CC70600BA5180 /* TackAlignmentBar.swift */; };
		06823F2D2D1F9DAD00BA5180 /* iPadView.swift in Sources */ = {isa = PBXBuildFile; fileRef = 06823F2C2D1F9DA300BA5180 /* iPadView.swift */; };
		06823F362D23562300BA5180 /* UserDefaultsKeys.swift in Sources */ = {isa = PBXBuildFile; fileRef = 06823F352D23562300BA5180 /* UserDefaultsKeys.swift */; };
		06823F382D23563D00BA5180 /* AppSettings.swift in Sources */ = {isa = PBXBuildFile; fileRef = 06823F372D23563D00BA5180 /* AppSettings.swift */; };
		06823F3A2D23575100BA5180 /* SettingsManager.swift in Sources */ = {isa = PBXBuildFile; fileRef = 06823F392D23575100BA5180 /* SettingsManager.swift */; };
		0686F5262CEE0D2B007EE554 /* CompassView.swift in Sources */ = {isa = PBXBuildFile; fileRef = 0686F5252CEE0D26007EE554 /* CompassView.swift */; };
		0686F5282CEF40CE007EE554 /* HydroData.swift in Sources */ = {isa = PBXBuildFile; fileRef = 0686F5272CEF40CB007EE554 /* HydroData.swift */; };
		0686F52A2CEF4169007EE554 /* HydroProcessor.swift in Sources */ = {isa = PBXBuildFile; fileRef = 0686F5292CEF4165007EE554 /* HydroProcessor.swift */; };
		0686F52C2CEF4A9C007EE554 /* GPSData.swift in Sources */ = {isa = PBXBuildFile; fileRef = 0686F52B2CEF4A99007EE554 /* GPSData.swift */; };
		0686F52E2CEF4B31007EE554 /* GPSProcessor.swift in Sources */ = {isa = PBXBuildFile; fileRef = 0686F52D2CEF4B2C007EE554 /* GPSProcessor.swift */; };
		0686F5332CEF5893007EE554 /* VMGData.swift in Sources */ = {isa = PBXBuildFile; fileRef = 0686F5322CEF5893007EE554 /* VMGData.swift */; };
		0686F5352CEF5D51007EE554 /* VMGProcessor.swift in Sources */ = {isa = PBXBuildFile; fileRef = 0686F5342CEF5D51007EE554 /* VMGProcessor.swift */; };
		069EEA502CEB31FA00357A05 /* SettingsMenuView.swift in Sources */ = {isa = PBXBuildFile; fileRef = 069EEA4F2CEB31F400357A05 /* SettingsMenuView.swift */; };
		069EEA522CEB401700357A05 /* UserSettingsSample.swift in Sources */ = {isa = PBXBuildFile; fileRef = 069EEA512CEB401000357A05 /* UserSettingsSample.swift */; };
		069EEA562CEB4A1500357A05 /* UDPHandler.swift in Sources */ = {isa = PBXBuildFile; fileRef = 069EEA552CEB4A0F00357A05 /* UDPHandler.swift */; };
		069EEA592CEB503400357A05 /* NavigationManager.swift in Sources */ = {isa = PBXBuildFile; fileRef = 069EEA582CEB502E00357A05 /* NavigationManager.swift */; };
		069EEA672CEB88A800357A05 /* WindData.swift in Sources */ = {isa = PBXBuildFile; fileRef = 069EEA662CEB88A300357A05 /* WindData.swift */; };
		069EEA6A2CEB893200357A05 /* WindProcessor.swift in Sources */ = {isa = PBXBuildFile; fileRef = 069EEA692CEB892A00357A05 /* WindProcessor.swift */; };
		069EEA882CECD25800357A05 /* CompassData.swift in Sources */ = {isa = PBXBuildFile; fileRef = 069EEA872CECD25800357A05 /* CompassData.swift */; };
		069EEA8A2CECD28D00357A05 /* CompassProcessor.swift in Sources */ = {isa = PBXBuildFile; fileRef = 069EEA892CECD28D00357A05 /* CompassProcessor.swift */; };
		06A525522CEF886600532A51 /* DisplayGrid3x3Sectors.swift in Sources */ = {isa = PBXBuildFile; fileRef = 06A5254C2CEF886600532A51 /* DisplayGrid3x3Sectors.swift */; };
		06A525542CEF886600532A51 /* MultiDisplayGrid.swift in Sources */ = {isa = PBXBuildFile; fileRef = 06A5254E2CEF886600532A51 /* MultiDisplayGrid.swift */; };
		06A525552CEF886600532A51 /* PseudoBoatView.swift in Sources */ = {isa = PBXBuildFile; fileRef = 06A5254F2CEF886600532A51 /* PseudoBoatView.swift */; };
		06A525572CEF886600532A51 /* VMGCalculator.swift in Sources */ = {isa = PBXBuildFile; fileRef = 06A525512CEF886600532A51 /* VMGCalculator.swift */; };
		06A5255D2CF077AB00532A51 /* Waypoints.swift in Sources */ = {isa = PBXBuildFile; fileRef = 06A5255C2CF077AB00532A51 /* Waypoints.swift */; };
		06A5256A2CF09EDD00532A51 /* UltimateNavigationView.swift in Sources */ = {isa = PBXBuildFile; fileRef = 06A525692CF09EDD00532A51 /* UltimateNavigationView.swift */; };
		06A5256C2CF0A14800532A51 /* AnemometerView.swift in Sources */ = {isa = PBXBuildFile; fileRef = 06A5256B2CF0A14800532A51 /* AnemometerView.swift */; };
		06A525752CF0AE0B00532A51 /* BearingMarkerView.swift in Sources */ = {isa = PBXBuildFile; fileRef = 06A525742CF0AE0B00532A51 /* BearingMarkerView.swift */; };
		06A5257D2CF28BE300532A51 /* DisplayMenu.swift in Sources */ = {isa = PBXBuildFile; fileRef = 06A5257C2CF28BE300532A51 /* DisplayMenu.swift */; };
		06A525852CF4B75F00532A51 /* CustomShapes.swift in Sources */ = {isa = PBXBuildFile; fileRef = 06A525842CF4B75C00532A51 /* CustomShapes.swift */; };
		06A525892CF4BD9800532A51 /* CompassLabelView.swift in Sources */ = {isa = PBXBuildFile; fileRef = 06A525882CF4BD9800532A51 /* CompassLabelView.swift */; };
		06A5258B2CF4BDC300532A51 /* GaugeMarkerCompass.swift in Sources */ = {isa = PBXBuildFile; fileRef = 06A5258A2CF4BDC300532A51 /* GaugeMarkerCompass.swift */; };
		06A525902CF5D2CD00532A51 /* MultiDisplayMatrix.swift in Sources */ = {isa = PBXBuildFile; fileRef = 06A5258F2CF5D2C600532A51 /* MultiDisplayMatrix.swift */; };
		06A525922CF5D2F700532A51 /* UltimateViewMatrix.swift in Sources */ = {isa = PBXBuildFile; fileRef = 06A525912CF5D2F100532A51 /* UltimateViewMatrix.swift */; };
		06A840F02D18DCCE002FA7E4 /* SplashScreenView.swift in Sources */ = {isa = PBXBuildFile; fileRef = 06A840EF2D18DCCE002FA7E4 /* SplashScreenView.swift */; };
		06A840F22D1C2884002FA7E4 /* WaypointData.swift in Sources */ = {isa = PBXBuildFile; fileRef = 06A840F12D1C2880002FA7E4 /* WaypointData.swift */; };
		06A840F42D1C2893002FA7E4 /* WaypointProcessor.swift in Sources */ = {isa = PBXBuildFile; fileRef = 06A840F32D1C288A002FA7E4 /* WaypointProcessor.swift */; };
		06A840F92D1C8A62002FA7E4 /* PerformanceSingleBarView.swift in Sources */ = {isa = PBXBuildFile; fileRef = 06A840F82D1C8A5B002FA7E4 /* PerformanceSingleBarView.swift */; };
		06A840FB2D1C97AE002FA7E4 /* optimal_tack.txt in Resources */ = {isa = PBXBuildFile; fileRef = 06A840FA2D1C97AE002FA7E4 /* optimal_tack.txt */; };
		06ABCE2E2AA162600067DCAA /* NMEASentencesExtasy in Resources */ = {isa = PBXBuildFile; fileRef = 06ABCE2D2AA162600067DCAA /* NMEASentencesExtasy */; };
		06BFC92B2B69A00300E74C47 /* PreviewContainer.swift in Sources */ = {isa = PBXBuildFile; fileRef = 06BFC92A2B69A00300E74C47 /* PreviewContainer.swift */; };
		06CF549A2BC1FC2600F21A12 /* README.md in Resources */ = {isa = PBXBuildFile; fileRef = 06CF54992BC1FC2600F21A12 /* README.md */; };
		06F483BD2A8F258300B701EC /* AvailableFontsSwiftUI.swift in Sources */ = {isa = PBXBuildFile; fileRef = 06F483BC2A8F258300B701EC /* AvailableFontsSwiftUI.swift */; };
		06F61EA52D10FF59005EA416 /* PerformanceDoubleBarView.swift in Sources */ = {isa = PBXBuildFile; fileRef = 06F61EA42D10FF59005EA416 /* PerformanceDoubleBarView.swift */; };
		06F61EA72D12454E005EA416 /* VMGSimpleView.swift in Sources */ = {isa = PBXBuildFile; fileRef = 06F61EA62D124549005EA416 /* VMGSimpleView.swift */; };
		06FC30D32CBC13BE00E5DBF9 /* diagram.txt in Resources */ = {isa = PBXBuildFile; fileRef = 06FC30D22CBC13BE00E5DBF9 /* diagram.txt */; };
		06FC6E4D2B55D9BB006AF16A /* WaypointListView.swift in Sources */ = {isa = PBXBuildFile; fileRef = 06FC6E4C2B55D9BB006AF16A /* WaypointListView.swift */; };
		06FCADCE2D40461400A09594 /* CocoaAsyncSocket in Frameworks */ = {isa = PBXBuildFile; productRef = 06FCADCD2D40461400A09594 /* CocoaAsyncSocket */; };
		06FCADD02D40466100A09594 /* CocoaAsyncSocket in Frameworks */ = {isa = PBXBuildFile; productRef = 06FCADCF2D40466100A09594 /* CocoaAsyncSocket */; };
		181601E12AD0F20700D6D31B /* DisplayCells.swift in Sources */ = {isa = PBXBuildFile; fileRef = 181601E02AD0F20700D6D31B /* DisplayCells.swift */; };
		188B2B662ADB5EA000836F66 /* MapView.swift in Sources */ = {isa = PBXBuildFile; fileRef = 188B2B652ADB5EA000836F66 /* MapView.swift */; };
		18A8FA742ACB974200EE2128 /* UltimateView.swift in Sources */ = {isa = PBXBuildFile; fileRef = 18A8FA732ACB974200EE2128 /* UltimateView.swift */; };
		18EDC55B2ACD052C003C82B2 /* MultiDisplay.swift in Sources */ = {isa = PBXBuildFile; fileRef = 18EDC55A2ACD052C003C82B2 /* MultiDisplay.swift */; };
		383EEC252AB359BE00C2F22B /* RawNavigationDataView.swift in Sources */ = {isa = PBXBuildFile; fileRef = 383EEC242AB359BE00C2F22B /* RawNavigationDataView.swift */; };
/* End PBXBuildFile section */

/* Begin PBXContainerItemProxy section */
		069EEA7A2CECCA6B00357A05 /* PBXContainerItemProxy */ = {
			isa = PBXContainerItemProxy;
			containerPortal = 066311A32A38DB6B00AAE263 /* Project object */;
			proxyType = 1;
			remoteGlobalIDString = 066311AA2A38DB6B00AAE263;
			remoteInfo = ExtasyCompleteNavigation;
		};
/* End PBXContainerItemProxy section */

/* Begin PBXFileReference section */
		0608FE392D29C8D70079A03D /* iPhoneView.swift */ = {isa = PBXFileReference; lastKnownFileType = sourcecode.swift; path = iPhoneView.swift; sourceTree = "<group>"; };
		063650372B671592002AF39C /* SmallCornerView.swift */ = {isa = PBXFileReference; lastKnownFileType = sourcecode.swift; path = SmallCornerView.swift; sourceTree = "<group>"; };
		0641C3F22A9AF061008799BC /* DisplayCell.swift */ = {isa = PBXFileReference; lastKnownFileType = sourcecode.swift; path = DisplayCell.swift; sourceTree = "<group>"; };
		0647304E2D275C78009BCF9A /* CalibrateSpeedLog.swift */ = {isa = PBXFileReference; lastKnownFileType = sourcecode.swift; path = CalibrateSpeedLog.swift; sourceTree = "<group>"; };
		064730592D29A535009BCF9A /* InfoWaypointSection.swift */ = {isa = PBXFileReference; lastKnownFileType = sourcecode.swift; path = InfoWaypointSection.swift; sourceTree = "<group>"; };
		0647305A2D29A535009BCF9A /* WaypointCard.swift */ = {isa = PBXFileReference; lastKnownFileType = sourcecode.swift; path = WaypointCard.swift; sourceTree = "<group>"; };
		0647305B2D29A535009BCF9A /* InformationCard.swift */ = {isa = PBXFileReference; lastKnownFileType = sourcecode.swift; path = InformationCard.swift; sourceTree = "<group>"; };
		064730622D29A63E009BCF9A /* PerformanceView.swift */ = {isa = PBXFileReference; lastKnownFileType = sourcecode.swift; path = PerformanceView.swift; sourceTree = "<group>"; };
		064ACD612A9EE3430018E449 /* NMEAParser.swift */ = {isa = PBXFileReference; lastKnownFileType = sourcecode.swift; path = NMEAParser.swift; sourceTree = "<group>"; };
		06529FA32D40734000CE6B66 /* share_your_passion.m4a */ = {isa = PBXFileReference; lastKnownFileType = file; path = share_your_passion.m4a; sourceTree = "<group>"; };
		066311AB2A38DB6B00AAE263 /* ExtasyCompleteNavigation.app */ = {isa = PBXFileReference; explicitFileType = wrapper.application; includeInIndex = 0; path = ExtasyCompleteNavigation.app; sourceTree = BUILT_PRODUCTS_DIR; };
		066311AE2A38DB6B00AAE263 /* ExtasyCompleteNavigationApp.swift */ = {isa = PBXFileReference; lastKnownFileType = sourcecode.swift; path = ExtasyCompleteNavigationApp.swift; sourceTree = "<group>"; };
		066311B02A38DB6B00AAE263 /* ContentView.swift */ = {isa = PBXFileReference; lastKnownFileType = sourcecode.swift; path = ContentView.swift; sourceTree = "<group>"; };
		066311B22A38DB6C00AAE263 /* Assets.xcassets */ = {isa = PBXFileReference; lastKnownFileType = folder.assetcatalog; path = Assets.xcassets; sourceTree = "<group>"; };
		066311B52A38DB6C00AAE263 /* Preview Assets.xcassets */ = {isa = PBXFileReference; lastKnownFileType = folder.assetcatalog; path = "Preview Assets.xcassets"; sourceTree = "<group>"; };
		066CCD882B59D4DB00381E2E /* WaypointDetailedView.swift */ = {isa = PBXFileReference; lastKnownFileType = sourcecode.swift; path = WaypointDetailedView.swift; sourceTree = "<group>"; };
		066FD0EE2D41783D00FE7AF1 /* AudioManager.swift */ = {isa = PBXFileReference; lastKnownFileType = sourcecode.swift; path = AudioManager.swift; sourceTree = "<group>"; };
		066FD0F02D42EE8E00FE7AF1 /* ExtasyNavigation-SoftwareArchitectureMap.pdf */ = {isa = PBXFileReference; lastKnownFileType = image.pdf; path = "ExtasyNavigation-SoftwareArchitectureMap.pdf"; sourceTree = "<group>"; };
		067388CA2D3C5F01002C9C54 /* iPhoneVMGView.swift */ = {isa = PBXFileReference; lastKnownFileType = sourcecode.swift; path = iPhoneVMGView.swift; sourceTree = "<group>"; };
		067388CC2D3C7893002C9C54 /* iPhoneMultiDisplay.swift */ = {isa = PBXFileReference; lastKnownFileType = sourcecode.swift; path = iPhoneMultiDisplay.swift; sourceTree = "<group>"; };
		067388CE2D3C7CDF002C9C54 /* iPhoneDisplayCell.swift */ = {isa = PBXFileReference; lastKnownFileType = sourcecode.swift; path = iPhoneDisplayCell.swift; sourceTree = "<group>"; };
		067388D02D3DAC2B002C9C54 /* ReadRawNMEA.swift */ = {isa = PBXFileReference; lastKnownFileType = sourcecode.swift; path = ReadRawNMEA.swift; sourceTree = "<group>"; };
		0674D44A2B5B340F0000E20F /* WaypointFIllForm.swift */ = {isa = PBXFileReference; lastKnownFileType = sourcecode.swift; path = WaypointFIllForm.swift; sourceTree = "<group>"; };
		06823F262D1CC70600BA5180 /* TackAlignmentBar.swift */ = {isa = PBXFileReference; lastKnownFileType = sourcecode.swift; path = TackAlignmentBar.swift; sourceTree = "<group>"; };
		06823F2C2D1F9DA300BA5180 /* iPadView.swift */ = {isa = PBXFileReference; lastKnownFileType = sourcecode.swift; path = iPadView.swift; sourceTree = "<group>"; };
		06823F352D23562300BA5180 /* UserDefaultsKeys.swift */ = {isa = PBXFileReference; lastKnownFileType = sourcecode.swift; path = UserDefaultsKeys.swift; sourceTree = "<group>"; };
		06823F372D23563D00BA5180 /* AppSettings.swift */ = {isa = PBXFileReference; lastKnownFileType = sourcecode.swift; path = AppSettings.swift; sourceTree = "<group>"; };
		06823F392D23575100BA5180 /* SettingsManager.swift */ = {isa = PBXFileReference; lastKnownFileType = sourcecode.swift; path = SettingsManager.swift; sourceTree = "<group>"; };
		0686F5252CEE0D26007EE554 /* CompassView.swift */ = {isa = PBXFileReference; lastKnownFileType = sourcecode.swift; path = CompassView.swift; sourceTree = "<group>"; };
		0686F5272CEF40CB007EE554 /* HydroData.swift */ = {isa = PBXFileReference; lastKnownFileType = sourcecode.swift; path = HydroData.swift; sourceTree = "<group>"; };
		0686F5292CEF4165007EE554 /* HydroProcessor.swift */ = {isa = PBXFileReference; lastKnownFileType = sourcecode.swift; path = HydroProcessor.swift; sourceTree = "<group>"; };
		0686F52B2CEF4A99007EE554 /* GPSData.swift */ = {isa = PBXFileReference; lastKnownFileType = sourcecode.swift; path = GPSData.swift; sourceTree = "<group>"; };
		0686F52D2CEF4B2C007EE554 /* GPSProcessor.swift */ = {isa = PBXFileReference; lastKnownFileType = sourcecode.swift; path = GPSProcessor.swift; sourceTree = "<group>"; };
		0686F5322CEF5893007EE554 /* VMGData.swift */ = {isa = PBXFileReference; lastKnownFileType = sourcecode.swift; path = VMGData.swift; sourceTree = "<group>"; };
		0686F5342CEF5D51007EE554 /* VMGProcessor.swift */ = {isa = PBXFileReference; lastKnownFileType = sourcecode.swift; path = VMGProcessor.swift; sourceTree = "<group>"; };
		068ED18C2D2CBC05009D0A45 /* ExtasyCompleteNavigation.entitlements */ = {isa = PBXFileReference; lastKnownFileType = text.plist.entitlements; path = ExtasyCompleteNavigation.entitlements; sourceTree = "<group>"; };
		069EEA4F2CEB31F400357A05 /* SettingsMenuView.swift */ = {isa = PBXFileReference; lastKnownFileType = sourcecode.swift; path = SettingsMenuView.swift; sourceTree = "<group>"; };
		069EEA512CEB401000357A05 /* UserSettingsSample.swift */ = {isa = PBXFileReference; lastKnownFileType = sourcecode.swift; path = UserSettingsSample.swift; sourceTree = "<group>"; };
		069EEA552CEB4A0F00357A05 /* UDPHandler.swift */ = {isa = PBXFileReference; lastKnownFileType = sourcecode.swift; path = UDPHandler.swift; sourceTree = "<group>"; };
		069EEA582CEB502E00357A05 /* NavigationManager.swift */ = {isa = PBXFileReference; lastKnownFileType = sourcecode.swift; path = NavigationManager.swift; sourceTree = "<group>"; };
		069EEA662CEB88A300357A05 /* WindData.swift */ = {isa = PBXFileReference; lastKnownFileType = sourcecode.swift; path = WindData.swift; sourceTree = "<group>"; };
		069EEA692CEB892A00357A05 /* WindProcessor.swift */ = {isa = PBXFileReference; lastKnownFileType = sourcecode.swift; path = WindProcessor.swift; sourceTree = "<group>"; };
		069EEA762CECCA6B00357A05 /* ExtasyCompleteNavigationTests.xctest */ = {isa = PBXFileReference; explicitFileType = wrapper.cfbundle; includeInIndex = 0; path = ExtasyCompleteNavigationTests.xctest; sourceTree = BUILT_PRODUCTS_DIR; };
		069EEA872CECD25800357A05 /* CompassData.swift */ = {isa = PBXFileReference; lastKnownFileType = sourcecode.swift; path = CompassData.swift; sourceTree = "<group>"; };
		069EEA892CECD28D00357A05 /* CompassProcessor.swift */ = {isa = PBXFileReference; lastKnownFileType = sourcecode.swift; path = CompassProcessor.swift; sourceTree = "<group>"; };
		06A5254C2CEF886600532A51 /* DisplayGrid3x3Sectors.swift */ = {isa = PBXFileReference; lastKnownFileType = sourcecode.swift; path = DisplayGrid3x3Sectors.swift; sourceTree = "<group>"; };
		06A5254E2CEF886600532A51 /* MultiDisplayGrid.swift */ = {isa = PBXFileReference; lastKnownFileType = sourcecode.swift; path = MultiDisplayGrid.swift; sourceTree = "<group>"; };
		06A5254F2CEF886600532A51 /* PseudoBoatView.swift */ = {isa = PBXFileReference; lastKnownFileType = sourcecode.swift; path = PseudoBoatView.swift; sourceTree = "<group>"; };
		06A525512CEF886600532A51 /* VMGCalculator.swift */ = {isa = PBXFileReference; lastKnownFileType = sourcecode.swift; path = VMGCalculator.swift; sourceTree = "<group>"; };
		06A5255C2CF077AB00532A51 /* Waypoints.swift */ = {isa = PBXFileReference; lastKnownFileType = sourcecode.swift; path = Waypoints.swift; sourceTree = "<group>"; };
		06A525692CF09EDD00532A51 /* UltimateNavigationView.swift */ = {isa = PBXFileReference; lastKnownFileType = sourcecode.swift; path = UltimateNavigationView.swift; sourceTree = "<group>"; };
		06A5256B2CF0A14800532A51 /* AnemometerView.swift */ = {isa = PBXFileReference; lastKnownFileType = sourcecode.swift; path = AnemometerView.swift; sourceTree = "<group>"; };
		06A525742CF0AE0B00532A51 /* BearingMarkerView.swift */ = {isa = PBXFileReference; lastKnownFileType = sourcecode.swift; path = BearingMarkerView.swift; sourceTree = "<group>"; };
		06A5257C2CF28BE300532A51 /* DisplayMenu.swift */ = {isa = PBXFileReference; lastKnownFileType = sourcecode.swift; path = DisplayMenu.swift; sourceTree = "<group>"; };
		06A525842CF4B75C00532A51 /* CustomShapes.swift */ = {isa = PBXFileReference; lastKnownFileType = sourcecode.swift; path = CustomShapes.swift; sourceTree = "<group>"; };
		06A525882CF4BD9800532A51 /* CompassLabelView.swift */ = {isa = PBXFileReference; lastKnownFileType = sourcecode.swift; path = CompassLabelView.swift; sourceTree = "<group>"; };
		06A5258A2CF4BDC300532A51 /* GaugeMarkerCompass.swift */ = {isa = PBXFileReference; lastKnownFileType = sourcecode.swift; path = GaugeMarkerCompass.swift; sourceTree = "<group>"; };
		06A5258F2CF5D2C600532A51 /* MultiDisplayMatrix.swift */ = {isa = PBXFileReference; lastKnownFileType = sourcecode.swift; path = MultiDisplayMatrix.swift; sourceTree = "<group>"; };
		06A525912CF5D2F100532A51 /* UltimateViewMatrix.swift */ = {isa = PBXFileReference; lastKnownFileType = sourcecode.swift; path = UltimateViewMatrix.swift; sourceTree = "<group>"; };
		06A840EF2D18DCCE002FA7E4 /* SplashScreenView.swift */ = {isa = PBXFileReference; lastKnownFileType = sourcecode.swift; path = SplashScreenView.swift; sourceTree = "<group>"; };
		06A840F12D1C2880002FA7E4 /* WaypointData.swift */ = {isa = PBXFileReference; lastKnownFileType = sourcecode.swift; path = WaypointData.swift; sourceTree = "<group>"; };
		06A840F32D1C288A002FA7E4 /* WaypointProcessor.swift */ = {isa = PBXFileReference; lastKnownFileType = sourcecode.swift; path = WaypointProcessor.swift; sourceTree = "<group>"; };
		06A840F82D1C8A5B002FA7E4 /* PerformanceSingleBarView.swift */ = {isa = PBXFileReference; lastKnownFileType = sourcecode.swift; path = PerformanceSingleBarView.swift; sourceTree = "<group>"; };
		06A840FA2D1C97AE002FA7E4 /* optimal_tack.txt */ = {isa = PBXFileReference; lastKnownFileType = text; path = optimal_tack.txt; sourceTree = "<group>"; };
		06ABCE2D2AA162600067DCAA /* NMEASentencesExtasy */ = {isa = PBXFileReference; lastKnownFileType = text; path = NMEASentencesExtasy; sourceTree = "<group>"; };
		06BFC92A2B69A00300E74C47 /* PreviewContainer.swift */ = {isa = PBXFileReference; lastKnownFileType = sourcecode.swift; path = PreviewContainer.swift; sourceTree = "<group>"; };
		06CF54992BC1FC2600F21A12 /* README.md */ = {isa = PBXFileReference; lastKnownFileType = net.daringfireball.markdown; path = README.md; sourceTree = "<group>"; };
		06F483BC2A8F258300B701EC /* AvailableFontsSwiftUI.swift */ = {isa = PBXFileReference; lastKnownFileType = sourcecode.swift; path = AvailableFontsSwiftUI.swift; sourceTree = "<group>"; };
		06F61EA42D10FF59005EA416 /* PerformanceDoubleBarView.swift */ = {isa = PBXFileReference; lastKnownFileType = sourcecode.swift; path = PerformanceDoubleBarView.swift; sourceTree = "<group>"; };
		06F61EA62D124549005EA416 /* VMGSimpleView.swift */ = {isa = PBXFileReference; lastKnownFileType = sourcecode.swift; path = VMGSimpleView.swift; sourceTree = "<group>"; };
		06FC30D22CBC13BE00E5DBF9 /* diagram.txt */ = {isa = PBXFileReference; lastKnownFileType = text; path = diagram.txt; sourceTree = "<group>"; };
		06FC6E4C2B55D9BB006AF16A /* WaypointListView.swift */ = {isa = PBXFileReference; lastKnownFileType = sourcecode.swift; path = WaypointListView.swift; sourceTree = "<group>"; };
		181601E02AD0F20700D6D31B /* DisplayCells.swift */ = {isa = PBXFileReference; lastKnownFileType = sourcecode.swift; path = DisplayCells.swift; sourceTree = "<group>"; };
		188B2B652ADB5EA000836F66 /* MapView.swift */ = {isa = PBXFileReference; lastKnownFileType = sourcecode.swift; path = MapView.swift; sourceTree = "<group>"; };
		18A8FA732ACB974200EE2128 /* UltimateView.swift */ = {isa = PBXFileReference; lastKnownFileType = sourcecode.swift; path = UltimateView.swift; sourceTree = "<group>"; };
		18EDC55A2ACD052C003C82B2 /* MultiDisplay.swift */ = {isa = PBXFileReference; lastKnownFileType = sourcecode.swift; path = MultiDisplay.swift; sourceTree = "<group>"; };
		383EEC242AB359BE00C2F22B /* RawNavigationDataView.swift */ = {isa = PBXFileReference; lastKnownFileType = sourcecode.swift; path = RawNavigationDataView.swift; sourceTree = "<group>"; };
/* End PBXFileReference section */

/* Begin PBXFileSystemSynchronizedRootGroup section */
		066FD0F22D42F40000FE7AF1 /* NMEATestScripts */ = {isa = PBXFileSystemSynchronizedRootGroup; explicitFileTypes = {}; explicitFolders = (); path = NMEATestScripts; sourceTree = "<group>"; };
		069EEA772CECCA6B00357A05 /* ExtasyCompleteNavigationTests */ = {isa = PBXFileSystemSynchronizedRootGroup; explicitFileTypes = {}; explicitFolders = (); path = ExtasyCompleteNavigationTests; sourceTree = "<group>"; };
		06C0D8CA2CE6ABE6001B258A /* Utilities */ = {isa = PBXFileSystemSynchronizedRootGroup; explicitFileTypes = {}; explicitFolders = (); path = Utilities; sourceTree = "<group>"; };
/* End PBXFileSystemSynchronizedRootGroup section */

/* Begin PBXFrameworksBuildPhase section */
		066311A82A38DB6B00AAE263 /* Frameworks */ = {
			isa = PBXFrameworksBuildPhase;
			buildActionMask = 2147483647;
			files = (
				06FCADD02D40466100A09594 /* CocoaAsyncSocket in Frameworks */,
			);
			runOnlyForDeploymentPostprocessing = 0;
		};
		069EEA732CECCA6B00357A05 /* Frameworks */ = {
			isa = PBXFrameworksBuildPhase;
			buildActionMask = 2147483647;
			files = (
				06FCADCE2D40461400A09594 /* CocoaAsyncSocket in Frameworks */,
			);
			runOnlyForDeploymentPostprocessing = 0;
		};
/* End PBXFrameworksBuildPhase section */

/* Begin PBXGroup section */
		0621D1172CFD0D57009C062F /* Docs */ = {
			isa = PBXGroup;
			children = (
				066FD0F02D42EE8E00FE7AF1 /* ExtasyNavigation-SoftwareArchitectureMap.pdf */,
			);
			path = Docs;
			sourceTree = "<group>";
		};
		064517D22D3F21C700F4D8F8 /* MapView */ = {
			isa = PBXGroup;
			children = (
				188B2B652ADB5EA000836F66 /* MapView.swift */,
			);
			path = MapView;
			sourceTree = "<group>";
		};
		064730602D29A579009BCF9A /* InfoWaypointSection */ = {
			isa = PBXGroup;
			children = (
				064730592D29A535009BCF9A /* InfoWaypointSection.swift */,
				0647305A2D29A535009BCF9A /* WaypointCard.swift */,
				0647305B2D29A535009BCF9A /* InformationCard.swift */,
			);
			path = InfoWaypointSection;
			sourceTree = "<group>";
		};
		064730612D29A609009BCF9A /* PerformanceSection */ = {
			isa = PBXGroup;
			children = (
				064730622D29A63E009BCF9A /* PerformanceView.swift */,
				06823F262D1CC70600BA5180 /* TackAlignmentBar.swift */,
			);
			path = PerformanceSection;
			sourceTree = "<group>";
		};
		066311A22A38DB6B00AAE263 = {
			isa = PBXGroup;
			children = (
				066311AD2A38DB6B00AAE263 /* ExtasyCompleteNavigation */,
				069EEA772CECCA6B00357A05 /* ExtasyCompleteNavigationTests */,
				066311AC2A38DB6B00AAE263 /* Products */,
			);
			sourceTree = "<group>";
		};
		066311AC2A38DB6B00AAE263 /* Products */ = {
			isa = PBXGroup;
			children = (
				066311AB2A38DB6B00AAE263 /* ExtasyCompleteNavigation.app */,
				069EEA762CECCA6B00357A05 /* ExtasyCompleteNavigationTests.xctest */,
			);
			name = Products;
			sourceTree = "<group>";
		};
		066311AD2A38DB6B00AAE263 /* ExtasyCompleteNavigation */ = {
			isa = PBXGroup;
			children = (
				068ED18C2D2CBC05009D0A45 /* ExtasyCompleteNavigation.entitlements */,
				066311AE2A38DB6B00AAE263 /* ExtasyCompleteNavigationApp.swift */,
				066311B02A38DB6B00AAE263 /* ContentView.swift */,
				06823F2C2D1F9DA300BA5180 /* iPadView.swift */,
				0608FE392D29C8D70079A03D /* iPhoneView.swift */,
				069EEA5B2CEB623700357A05 /* Networking */,
				069EEA572CEB500200357A05 /* Managers */,
				069EEA5C2CEB759E00357A05 /* Parsing */,
				069EEA682CEB890600357A05 /* Modules */,
				06C0D8C72CCD9CF0001B258A /* Model */,
				06C0D8C82CCD9CFD001B258A /* View */,
				06C0D8CA2CE6ABE6001B258A /* Utilities */,
				066FD0F22D42F40000FE7AF1 /* NMEATestScripts */,
				0621D1172CFD0D57009C062F /* Docs */,
				06F483BB2A8F256500B701EC /* Resources */,
				066311B42A38DB6C00AAE263 /* PreviewContent */,
				066311B22A38DB6C00AAE263 /* Assets.xcassets */,
				06CF54992BC1FC2600F21A12 /* README.md */,
			);
			path = ExtasyCompleteNavigation;
			sourceTree = "<group>";
		};
		066311B42A38DB6C00AAE263 /* PreviewContent */ = {
			isa = PBXGroup;
			children = (
				069EEA512CEB401000357A05 /* UserSettingsSample.swift */,
				066311B52A38DB6C00AAE263 /* Preview Assets.xcassets */,
			);
			path = PreviewContent;
			sourceTree = "<group>";
		};
		06823F322D220AF200BA5180 /* SettingsView */ = {
			isa = PBXGroup;
			children = (
				067388D02D3DAC2B002C9C54 /* ReadRawNMEA.swift */,
				069EEA4F2CEB31F400357A05 /* SettingsMenuView.swift */,
				0647304E2D275C78009BCF9A /* CalibrateSpeedLog.swift */,
			);
			path = SettingsView;
			sourceTree = "<group>";
		};
		069EEA572CEB500200357A05 /* Managers */ = {
			isa = PBXGroup;
			children = (
				066FD0EE2D41783D00FE7AF1 /* AudioManager.swift */,
				069EEA582CEB502E00357A05 /* NavigationManager.swift */,
				06823F392D23575100BA5180 /* SettingsManager.swift */,
			);
			path = Managers;
			sourceTree = "<group>";
		};
		069EEA5B2CEB623700357A05 /* Networking */ = {
			isa = PBXGroup;
			children = (
				069EEA552CEB4A0F00357A05 /* UDPHandler.swift */,
			);
			path = Networking;
			sourceTree = "<group>";
		};
		069EEA5C2CEB759E00357A05 /* Parsing */ = {
			isa = PBXGroup;
			children = (
				064ACD612A9EE3430018E449 /* NMEAParser.swift */,
			);
			path = Parsing;
			sourceTree = "<group>";
		};
		069EEA682CEB890600357A05 /* Modules */ = {
			isa = PBXGroup;
			children = (
				0686F52D2CEF4B2C007EE554 /* GPSProcessor.swift */,
				0686F5292CEF4165007EE554 /* HydroProcessor.swift */,
				069EEA892CECD28D00357A05 /* CompassProcessor.swift */,
				069EEA692CEB892A00357A05 /* WindProcessor.swift */,
				0686F5342CEF5D51007EE554 /* VMGProcessor.swift */,
				06A840F32D1C288A002FA7E4 /* WaypointProcessor.swift */,
				06A525512CEF886600532A51 /* VMGCalculator.swift */,
			);
			path = Modules;
			sourceTree = "<group>";
		};
		06A525622CF07E7C00532A51 /* Waypoints */ = {
			isa = PBXGroup;
			children = (
				06FC6E4C2B55D9BB006AF16A /* WaypointListView.swift */,
				0674D44A2B5B340F0000E20F /* WaypointFIllForm.swift */,
				066CCD882B59D4DB00381E2E /* WaypointDetailedView.swift */,
			);
			path = Waypoints;
			sourceTree = "<group>";
		};
		06A525632CF08D8200532A51 /* PersistanceModels */ = {
			isa = PBXGroup;
			children = (
				06823F372D23563D00BA5180 /* AppSettings.swift */,
				06A525912CF5D2F100532A51 /* UltimateViewMatrix.swift */,
				06A5258F2CF5D2C600532A51 /* MultiDisplayMatrix.swift */,
				181601E02AD0F20700D6D31B /* DisplayCells.swift */,
				06A5255C2CF077AB00532A51 /* Waypoints.swift */,
			);
			path = PersistanceModels;
			sourceTree = "<group>";
		};
		06A525662CF092A900532A51 /* UltimateView */ = {
			isa = PBXGroup;
			children = (
				18A8FA732ACB974200EE2128 /* UltimateView.swift */,
				06A525692CF09EDD00532A51 /* UltimateNavigationView.swift */,
				064517D22D3F21C700F4D8F8 /* MapView */,
				383EEC242AB359BE00C2F22B /* RawNavigationDataView.swift */,
				06A5254F2CEF886600532A51 /* PseudoBoatView.swift */,
				063650372B671592002AF39C /* SmallCornerView.swift */,
				06823F322D220AF200BA5180 /* SettingsView */,
				06A5258C2CF4BDE200532A51 /* AnemometerView */,
				06A525872CF4BD7D00532A51 /* CompassView */,
				06A525742CF0AE0B00532A51 /* BearingMarkerView.swift */,
			);
			path = UltimateView;
			sourceTree = "<group>";
		};
		06A525672CF092E000532A51 /* VMGView */ = {
			isa = PBXGroup;
			children = (
				06F61EA62D124549005EA416 /* VMGSimpleView.swift */,
				067388CA2D3C5F01002C9C54 /* iPhoneVMGView.swift */,
			);
			path = VMGView;
			sourceTree = "<group>";
		};
		06A525682CF0930400532A51 /* MultiDisplay */ = {
			isa = PBXGroup;
			children = (
				18EDC55A2ACD052C003C82B2 /* MultiDisplay.swift */,
				067388CC2D3C7893002C9C54 /* iPhoneMultiDisplay.swift */,
				06A5257C2CF28BE300532A51 /* DisplayMenu.swift */,
			);
			path = MultiDisplay;
			sourceTree = "<group>";
		};
		06A525862CF4B76200532A51 /* Shapes */ = {
			isa = PBXGroup;
			children = (
				06A525842CF4B75C00532A51 /* CustomShapes.swift */,
				06A5254C2CEF886600532A51 /* DisplayGrid3x3Sectors.swift */,
				06A5254E2CEF886600532A51 /* MultiDisplayGrid.swift */,
			);
			path = Shapes;
			sourceTree = "<group>";
		};
		06A525872CF4BD7D00532A51 /* CompassView */ = {
			isa = PBXGroup;
			children = (
				06A525882CF4BD9800532A51 /* CompassLabelView.swift */,
				06A5258A2CF4BDC300532A51 /* GaugeMarkerCompass.swift */,
				0686F5252CEE0D26007EE554 /* CompassView.swift */,
			);
			path = CompassView;
			sourceTree = "<group>";
		};
		06A5258C2CF4BDE200532A51 /* AnemometerView */ = {
			isa = PBXGroup;
			children = (
				06A5256B2CF0A14800532A51 /* AnemometerView.swift */,
			);
			path = AnemometerView;
			sourceTree = "<group>";
		};
		06A525952CF5E33100532A51 /* Common */ = {
			isa = PBXGroup;
			children = (
				067388CE2D3C7CDF002C9C54 /* iPhoneDisplayCell.swift */,
				0641C3F22A9AF061008799BC /* DisplayCell.swift */,
				06F61EA42D10FF59005EA416 /* PerformanceDoubleBarView.swift */,
				06A840F82D1C8A5B002FA7E4 /* PerformanceSingleBarView.swift */,
			);
			path = Common;
			sourceTree = "<group>";
		};
		06C0D8C72CCD9CF0001B258A /* Model */ = {
			isa = PBXGroup;
			children = (
				0686F52B2CEF4A99007EE554 /* GPSData.swift */,
				0686F5272CEF40CB007EE554 /* HydroData.swift */,
				069EEA872CECD25800357A05 /* CompassData.swift */,
				069EEA662CEB88A300357A05 /* WindData.swift */,
				0686F5322CEF5893007EE554 /* VMGData.swift */,
				06A840F12D1C2880002FA7E4 /* WaypointData.swift */,
				06823F352D23562300BA5180 /* UserDefaultsKeys.swift */,
				06A525632CF08D8200532A51 /* PersistanceModels */,
			);
			path = Model;
			sourceTree = "<group>";
		};
		06C0D8C82CCD9CFD001B258A /* View */ = {
			isa = PBXGroup;
			children = (
				06A840EF2D18DCCE002FA7E4 /* SplashScreenView.swift */,
				06A525662CF092A900532A51 /* UltimateView */,
				064730612D29A609009BCF9A /* PerformanceSection */,
				06A525682CF0930400532A51 /* MultiDisplay */,
				064730602D29A579009BCF9A /* InfoWaypointSection */,
				06A525672CF092E000532A51 /* VMGView */,
				06A525622CF07E7C00532A51 /* Waypoints */,
				06A525952CF5E33100532A51 /* Common */,
				06A525862CF4B76200532A51 /* Shapes */,
			);
			path = View;
			sourceTree = "<group>";
		};
		06F483BB2A8F256500B701EC /* Resources */ = {
			isa = PBXGroup;
			children = (
				06F483BC2A8F258300B701EC /* AvailableFontsSwiftUI.swift */,
				06BFC92A2B69A00300E74C47 /* PreviewContainer.swift */,
				06FC30D22CBC13BE00E5DBF9 /* diagram.txt */,
				06A840FA2D1C97AE002FA7E4 /* optimal_tack.txt */,
				06ABCE2D2AA162600067DCAA /* NMEASentencesExtasy */,
				06529FA32D40734000CE6B66 /* share_your_passion.m4a */,
			);
			path = Resources;
			sourceTree = "<group>";
		};
/* End PBXGroup section */

/* Begin PBXNativeTarget section */
		066311AA2A38DB6B00AAE263 /* ExtasyCompleteNavigation */ = {
			isa = PBXNativeTarget;
			buildConfigurationList = 066311B92A38DB6C00AAE263 /* Build configuration list for PBXNativeTarget "ExtasyCompleteNavigation" */;
			buildPhases = (
				066311A72A38DB6B00AAE263 /* Sources */,
				066311A82A38DB6B00AAE263 /* Frameworks */,
				066311A92A38DB6B00AAE263 /* Resources */,
			);
			buildRules = (
			);
			dependencies = (
			);
			fileSystemSynchronizedGroups = (
				06C0D8CA2CE6ABE6001B258A /* Utilities */,
			);
			name = ExtasyCompleteNavigation;
			packageProductDependencies = (
				06FCADCF2D40466100A09594 /* CocoaAsyncSocket */,
			);
			productName = ExtasyCompleteNavigation;
			productReference = 066311AB2A38DB6B00AAE263 /* ExtasyCompleteNavigation.app */;
			productType = "com.apple.product-type.application";
		};
		069EEA752CECCA6B00357A05 /* ExtasyCompleteNavigationTests */ = {
			isa = PBXNativeTarget;
			buildConfigurationList = 069EEA7C2CECCA6B00357A05 /* Build configuration list for PBXNativeTarget "ExtasyCompleteNavigationTests" */;
			buildPhases = (
				069EEA722CECCA6B00357A05 /* Sources */,
				069EEA732CECCA6B00357A05 /* Frameworks */,
				069EEA742CECCA6B00357A05 /* Resources */,
			);
			buildRules = (
			);
			dependencies = (
				069EEA7B2CECCA6B00357A05 /* PBXTargetDependency */,
			);
			fileSystemSynchronizedGroups = (
				066FD0F22D42F40000FE7AF1 /* NMEATestScripts */,
				069EEA772CECCA6B00357A05 /* ExtasyCompleteNavigationTests */,
			);
			name = ExtasyCompleteNavigationTests;
			packageProductDependencies = (
				06FCADCD2D40461400A09594 /* CocoaAsyncSocket */,
			);
			productName = ExtasyCompleteNavigationTests;
			productReference = 069EEA762CECCA6B00357A05 /* ExtasyCompleteNavigationTests.xctest */;
			productType = "com.apple.product-type.bundle.unit-test";
		};
/* End PBXNativeTarget section */

/* Begin PBXProject section */
		066311A32A38DB6B00AAE263 /* Project object */ = {
			isa = PBXProject;
			attributes = {
				BuildIndependentTargetsInParallel = 1;
				LastSwiftUpdateCheck = 1600;
				LastUpgradeCheck = 1600;
				TargetAttributes = {
					066311AA2A38DB6B00AAE263 = {
						CreatedOnToolsVersion = 14.3.1;
					};
					069EEA752CECCA6B00357A05 = {
						CreatedOnToolsVersion = 16.0;
						TestTargetID = 066311AA2A38DB6B00AAE263;
					};
				};
			};
			buildConfigurationList = 066311A62A38DB6B00AAE263 /* Build configuration list for PBXProject "ExtasyCompleteNavigation" */;
			compatibilityVersion = "Xcode 14.0";
			developmentRegion = en;
			hasScannedForEncodings = 0;
			knownRegions = (
				en,
				Base,
			);
			mainGroup = 066311A22A38DB6B00AAE263;
			packageReferences = (
				067662092AA8096E00544940 /* XCRemoteSwiftPackageReference "CocoaAsyncSocket" */,
			);
			productRefGroup = 066311AC2A38DB6B00AAE263 /* Products */;
			projectDirPath = "";
			projectRoot = "";
			targets = (
				066311AA2A38DB6B00AAE263 /* ExtasyCompleteNavigation */,
				069EEA752CECCA6B00357A05 /* ExtasyCompleteNavigationTests */,
			);
		};
/* End PBXProject section */

/* Begin PBXResourcesBuildPhase section */
		066311A92A38DB6B00AAE263 /* Resources */ = {
			isa = PBXResourcesBuildPhase;
			buildActionMask = 2147483647;
			files = (
				06CF549A2BC1FC2600F21A12 /* README.md in Resources */,
				06ABCE2E2AA162600067DCAA /* NMEASentencesExtasy in Resources */,
				066311B62A38DB6C00AAE263 /* Preview Assets.xcassets in Resources */,
				06529FA42D40734000CE6B66 /* share_your_passion.m4a in Resources */,
				066FD0F12D42EE8E00FE7AF1 /* ExtasyNavigation-SoftwareArchitectureMap.pdf in Resources */,
				06A840FB2D1C97AE002FA7E4 /* optimal_tack.txt in Resources */,
				06FC30D32CBC13BE00E5DBF9 /* diagram.txt in Resources */,
				066311B32A38DB6C00AAE263 /* Assets.xcassets in Resources */,
			);
			runOnlyForDeploymentPostprocessing = 0;
		};
		069EEA742CECCA6B00357A05 /* Resources */ = {
			isa = PBXResourcesBuildPhase;
			buildActionMask = 2147483647;
			files = (
			);
			runOnlyForDeploymentPostprocessing = 0;
		};
/* End PBXResourcesBuildPhase section */

/* Begin PBXSourcesBuildPhase section */
		066311A72A38DB6B00AAE263 /* Sources */ = {
			isa = PBXSourcesBuildPhase;
			buildActionMask = 2147483647;
			files = (
				06A840F42D1C2893002FA7E4 /* WaypointProcessor.swift in Sources */,
				067388CD2D3C7893002C9C54 /* iPhoneMultiDisplay.swift in Sources */,
				066FD0EF2D41784200FE7AF1 /* AudioManager.swift in Sources */,
				067388D12D3DAC32002C9C54 /* ReadRawNMEA.swift in Sources */,
				069EEA592CEB503400357A05 /* NavigationManager.swift in Sources */,
				067388CF2D3C7CDF002C9C54 /* iPhoneDisplayCell.swift in Sources */,
				06823F362D23562300BA5180 /* UserDefaultsKeys.swift in Sources */,
				0674D44B2B5B340F0000E20F /* WaypointFIllForm.swift in Sources */,
				069EEA562CEB4A1500357A05 /* UDPHandler.swift in Sources */,
				18A8FA742ACB974200EE2128 /* UltimateView.swift in Sources */,
				0647305D2D29A535009BCF9A /* WaypointCard.swift in Sources */,
				0647305E2D29A535009BCF9A /* InformationCard.swift in Sources */,
				06A525752CF0AE0B00532A51 /* BearingMarkerView.swift in Sources */,
				064730632D29A64D009BCF9A /* PerformanceView.swift in Sources */,
				188B2B662ADB5EA000836F66 /* MapView.swift in Sources */,
				069EEA882CECD25800357A05 /* CompassData.swift in Sources */,
				383EEC252AB359BE00C2F22B /* RawNavigationDataView.swift in Sources */,
				06A5257D2CF28BE300532A51 /* DisplayMenu.swift in Sources */,
				069EEA522CEB401700357A05 /* UserSettingsSample.swift in Sources */,
				0686F5262CEE0D2B007EE554 /* CompassView.swift in Sources */,
				06A840F02D18DCCE002FA7E4 /* SplashScreenView.swift in Sources */,
				181601E12AD0F20700D6D31B /* DisplayCells.swift in Sources */,
				06A525522CEF886600532A51 /* DisplayGrid3x3Sectors.swift in Sources */,
				06A525542CEF886600532A51 /* MultiDisplayGrid.swift in Sources */,
				06A525552CEF886600532A51 /* PseudoBoatView.swift in Sources */,
				06A840F92D1C8A62002FA7E4 /* PerformanceSingleBarView.swift in Sources */,
				06A5256A2CF09EDD00532A51 /* UltimateNavigationView.swift in Sources */,
				06A5258B2CF4BDC300532A51 /* GaugeMarkerCompass.swift in Sources */,
				06823F3A2D23575100BA5180 /* SettingsManager.swift in Sources */,
				06A525572CEF886600532A51 /* VMGCalculator.swift in Sources */,
				0686F5332CEF5893007EE554 /* VMGData.swift in Sources */,
				069EEA672CEB88A800357A05 /* WindData.swift in Sources */,
				0686F52C2CEF4A9C007EE554 /* GPSData.swift in Sources */,
				0686F52E2CEF4B31007EE554 /* GPSProcessor.swift in Sources */,
				069EEA502CEB31FA00357A05 /* SettingsMenuView.swift in Sources */,
				06A5255D2CF077AB00532A51 /* Waypoints.swift in Sources */,
				069EEA8A2CECD28D00357A05 /* CompassProcessor.swift in Sources */,
				06F61EA52D10FF59005EA416 /* PerformanceDoubleBarView.swift in Sources */,
				06A525852CF4B75F00532A51 /* CustomShapes.swift in Sources */,
				0647305F2D29A535009BCF9A /* InfoWaypointSection.swift in Sources */,
				06F483BD2A8F258300B701EC /* AvailableFontsSwiftUI.swift in Sources */,
				06FC6E4D2B55D9BB006AF16A /* WaypointListView.swift in Sources */,
				06A5256C2CF0A14800532A51 /* AnemometerView.swift in Sources */,
				064ACD622A9EE3430018E449 /* NMEAParser.swift in Sources */,
				063650382B671592002AF39C /* SmallCornerView.swift in Sources */,
				0641C3F32A9AF061008799BC /* DisplayCell.swift in Sources */,
				0686F52A2CEF4169007EE554 /* HydroProcessor.swift in Sources */,
				06823F2D2D1F9DAD00BA5180 /* iPadView.swift in Sources */,
				06BFC92B2B69A00300E74C47 /* PreviewContainer.swift in Sources */,
				18EDC55B2ACD052C003C82B2 /* MultiDisplay.swift in Sources */,
				06A840F22D1C2884002FA7E4 /* WaypointData.swift in Sources */,
				0686F5352CEF5D51007EE554 /* VMGProcessor.swift in Sources */,
				06A525892CF4BD9800532A51 /* CompassLabelView.swift in Sources */,
				0686F5282CEF40CE007EE554 /* HydroData.swift in Sources */,
				06A525922CF5D2F700532A51 /* UltimateViewMatrix.swift in Sources */,
				06F61EA72D12454E005EA416 /* VMGSimpleView.swift in Sources */,
				067388CB2D3C5F01002C9C54 /* iPhoneVMGView.swift in Sources */,
				0647304F2D275C7E009BCF9A /* CalibrateSpeedLog.swift in Sources */,
				066311B12A38DB6B00AAE263 /* ContentView.swift in Sources */,
				066311AF2A38DB6B00AAE263 /* ExtasyCompleteNavigationApp.swift in Sources */,
				06823F272D1CC70600BA5180 /* TackAlignmentBar.swift in Sources */,
				0608FE3A2D29C8DA0079A03D /* iPhoneView.swift in Sources */,
				06823F382D23563D00BA5180 /* AppSettings.swift in Sources */,
				069EEA6A2CEB893200357A05 /* WindProcessor.swift in Sources */,
				066CCD892B59D4DB00381E2E /* WaypointDetailedView.swift in Sources */,
				06A525902CF5D2CD00532A51 /* MultiDisplayMatrix.swift in Sources */,
			);
			runOnlyForDeploymentPostprocessing = 0;
		};
		069EEA722CECCA6B00357A05 /* Sources */ = {
			isa = PBXSourcesBuildPhase;
			buildActionMask = 2147483647;
			files = (
			);
			runOnlyForDeploymentPostprocessing = 0;
		};
/* End PBXSourcesBuildPhase section */

/* Begin PBXTargetDependency section */
		069EEA7B2CECCA6B00357A05 /* PBXTargetDependency */ = {
			isa = PBXTargetDependency;
			target = 066311AA2A38DB6B00AAE263 /* ExtasyCompleteNavigation */;
			targetProxy = 069EEA7A2CECCA6B00357A05 /* PBXContainerItemProxy */;
		};
/* End PBXTargetDependency section */

/* Begin XCBuildConfiguration section */
		066311B72A38DB6C00AAE263 /* Debug */ = {
			isa = XCBuildConfiguration;
			buildSettings = {
				ALWAYS_SEARCH_USER_PATHS = NO;
				CLANG_ANALYZER_NONNULL = YES;
				CLANG_ANALYZER_NUMBER_OBJECT_CONVERSION = YES_AGGRESSIVE;
				CLANG_CXX_LANGUAGE_STANDARD = "gnu++20";
				CLANG_ENABLE_MODULES = YES;
				CLANG_ENABLE_OBJC_ARC = YES;
				CLANG_ENABLE_OBJC_WEAK = YES;
				CLANG_WARN_BLOCK_CAPTURE_AUTORELEASING = YES;
				CLANG_WARN_BOOL_CONVERSION = YES;
				CLANG_WARN_COMMA = YES;
				CLANG_WARN_CONSTANT_CONVERSION = YES;
				CLANG_WARN_DEPRECATED_OBJC_IMPLEMENTATIONS = YES;
				CLANG_WARN_DIRECT_OBJC_ISA_USAGE = YES_ERROR;
				CLANG_WARN_DOCUMENTATION_COMMENTS = YES;
				CLANG_WARN_EMPTY_BODY = YES;
				CLANG_WARN_ENUM_CONVERSION = YES;
				CLANG_WARN_INFINITE_RECURSION = YES;
				CLANG_WARN_INT_CONVERSION = YES;
				CLANG_WARN_NON_LITERAL_NULL_CONVERSION = YES;
				CLANG_WARN_OBJC_IMPLICIT_RETAIN_SELF = YES;
				CLANG_WARN_OBJC_LITERAL_CONVERSION = YES;
				CLANG_WARN_OBJC_ROOT_CLASS = YES_ERROR;
				CLANG_WARN_QUOTED_INCLUDE_IN_FRAMEWORK_HEADER = YES;
				CLANG_WARN_RANGE_LOOP_ANALYSIS = YES;
				CLANG_WARN_STRICT_PROTOTYPES = YES;
				CLANG_WARN_SUSPICIOUS_MOVE = YES;
				CLANG_WARN_UNGUARDED_AVAILABILITY = YES_AGGRESSIVE;
				CLANG_WARN_UNREACHABLE_CODE = YES;
				CLANG_WARN__DUPLICATE_METHOD_MATCH = YES;
				COPY_PHASE_STRIP = NO;
				DEBUG_INFORMATION_FORMAT = dwarf;
				ENABLE_STRICT_OBJC_MSGSEND = YES;
				ENABLE_TESTABILITY = YES;
				ENABLE_USER_SCRIPT_SANDBOXING = YES;
				GCC_C_LANGUAGE_STANDARD = gnu11;
				GCC_DYNAMIC_NO_PIC = NO;
				GCC_NO_COMMON_BLOCKS = YES;
				GCC_OPTIMIZATION_LEVEL = 0;
				GCC_PREPROCESSOR_DEFINITIONS = (
					"DEBUG=1",
					"$(inherited)",
				);
				GCC_WARN_64_TO_32_BIT_CONVERSION = YES;
				GCC_WARN_ABOUT_RETURN_TYPE = YES_ERROR;
				GCC_WARN_UNDECLARED_SELECTOR = YES;
				GCC_WARN_UNINITIALIZED_AUTOS = YES_AGGRESSIVE;
				GCC_WARN_UNUSED_FUNCTION = YES;
				GCC_WARN_UNUSED_VARIABLE = YES;
				IPHONEOS_DEPLOYMENT_TARGET = 17.0;
				MTL_ENABLE_DEBUG_INFO = INCLUDE_SOURCE;
				MTL_FAST_MATH = YES;
				ONLY_ACTIVE_ARCH = YES;
				SDKROOT = iphoneos;
				SWIFT_ACTIVE_COMPILATION_CONDITIONS = DEBUG;
				SWIFT_OPTIMIZATION_LEVEL = "-Onone";
			};
			name = Debug;
		};
		066311B82A38DB6C00AAE263 /* Release */ = {
			isa = XCBuildConfiguration;
			buildSettings = {
				ALWAYS_SEARCH_USER_PATHS = NO;
				CLANG_ANALYZER_NONNULL = YES;
				CLANG_ANALYZER_NUMBER_OBJECT_CONVERSION = YES_AGGRESSIVE;
				CLANG_CXX_LANGUAGE_STANDARD = "gnu++20";
				CLANG_ENABLE_MODULES = YES;
				CLANG_ENABLE_OBJC_ARC = YES;
				CLANG_ENABLE_OBJC_WEAK = YES;
				CLANG_WARN_BLOCK_CAPTURE_AUTORELEASING = YES;
				CLANG_WARN_BOOL_CONVERSION = YES;
				CLANG_WARN_COMMA = YES;
				CLANG_WARN_CONSTANT_CONVERSION = YES;
				CLANG_WARN_DEPRECATED_OBJC_IMPLEMENTATIONS = YES;
				CLANG_WARN_DIRECT_OBJC_ISA_USAGE = YES_ERROR;
				CLANG_WARN_DOCUMENTATION_COMMENTS = YES;
				CLANG_WARN_EMPTY_BODY = YES;
				CLANG_WARN_ENUM_CONVERSION = YES;
				CLANG_WARN_INFINITE_RECURSION = YES;
				CLANG_WARN_INT_CONVERSION = YES;
				CLANG_WARN_NON_LITERAL_NULL_CONVERSION = YES;
				CLANG_WARN_OBJC_IMPLICIT_RETAIN_SELF = YES;
				CLANG_WARN_OBJC_LITERAL_CONVERSION = YES;
				CLANG_WARN_OBJC_ROOT_CLASS = YES_ERROR;
				CLANG_WARN_QUOTED_INCLUDE_IN_FRAMEWORK_HEADER = YES;
				CLANG_WARN_RANGE_LOOP_ANALYSIS = YES;
				CLANG_WARN_STRICT_PROTOTYPES = YES;
				CLANG_WARN_SUSPICIOUS_MOVE = YES;
				CLANG_WARN_UNGUARDED_AVAILABILITY = YES_AGGRESSIVE;
				CLANG_WARN_UNREACHABLE_CODE = YES;
				CLANG_WARN__DUPLICATE_METHOD_MATCH = YES;
				COPY_PHASE_STRIP = NO;
				DEBUG_INFORMATION_FORMAT = "dwarf-with-dsym";
				ENABLE_NS_ASSERTIONS = NO;
				ENABLE_STRICT_OBJC_MSGSEND = YES;
				ENABLE_USER_SCRIPT_SANDBOXING = YES;
				GCC_C_LANGUAGE_STANDARD = gnu11;
				GCC_NO_COMMON_BLOCKS = YES;
				GCC_WARN_64_TO_32_BIT_CONVERSION = YES;
				GCC_WARN_ABOUT_RETURN_TYPE = YES_ERROR;
				GCC_WARN_UNDECLARED_SELECTOR = YES;
				GCC_WARN_UNINITIALIZED_AUTOS = YES_AGGRESSIVE;
				GCC_WARN_UNUSED_FUNCTION = YES;
				GCC_WARN_UNUSED_VARIABLE = YES;
				IPHONEOS_DEPLOYMENT_TARGET = 17.0;
				MTL_ENABLE_DEBUG_INFO = NO;
				MTL_FAST_MATH = YES;
				SDKROOT = iphoneos;
				SWIFT_OPTIMIZATION_LEVEL = "-Onone";
				VALIDATE_PRODUCT = YES;
			};
			name = Release;
		};
		066311BA2A38DB6C00AAE263 /* Debug */ = {
			isa = XCBuildConfiguration;
			buildSettings = {
				ASSETCATALOG_COMPILER_APPICON_NAME = AppIcon;
				ASSETCATALOG_COMPILER_GLOBAL_ACCENT_COLOR_NAME = AccentColor;
				CODE_SIGN_ENTITLEMENTS = ExtasyCompleteNavigation/ExtasyCompleteNavigation.entitlements;
				CODE_SIGN_STYLE = Automatic;
				CURRENT_PROJECT_VERSION = 1;
				DEVELOPMENT_ASSET_PATHS = "\"ExtasyCompleteNavigation/PreviewContent\"";
				DEVELOPMENT_TEAM = V73TDMAF88;
				ENABLE_PREVIEWS = YES;
				GENERATE_INFOPLIST_FILE = YES;
				INFOPLIST_FILE = ExtasyCompleteNavigation/Info.plist;
				INFOPLIST_KEY_CFBundleDisplayName = "";
				INFOPLIST_KEY_LSApplicationCategoryType = "";
				INFOPLIST_KEY_NSLocalNetworkUsageDescription = "We need access for communication with the navigational instruments";
				INFOPLIST_KEY_NSLocationAlwaysAndWhenInUseUsageDescription = "To provide seamless navigation tracking.";
				INFOPLIST_KEY_NSLocationAlwaysUsageDescription = "Location access is required even when the app is not in use.";
				INFOPLIST_KEY_NSLocationWhenInUseUsageDescription = "This app needs location for navigation";
				INFOPLIST_KEY_UIApplicationSceneManifest_Generation = YES;
				INFOPLIST_KEY_UIApplicationSupportsIndirectInputEvents = YES;
				INFOPLIST_KEY_UILaunchScreen_Generation = YES;
				INFOPLIST_KEY_UISupportedInterfaceOrientations_iPad = "UIInterfaceOrientationPortrait UIInterfaceOrientationPortraitUpsideDown UIInterfaceOrientationLandscapeLeft UIInterfaceOrientationLandscapeRight";
				INFOPLIST_KEY_UISupportedInterfaceOrientations_iPhone = "UIInterfaceOrientationPortrait UIInterfaceOrientationLandscapeLeft UIInterfaceOrientationLandscapeRight";
				IPHONEOS_DEPLOYMENT_TARGET = 17.0;
				LD_RUNPATH_SEARCH_PATHS = (
					"$(inherited)",
					"@executable_path/Frameworks",
				);
				MARKETING_VERSION = 1.0;
				PRODUCT_BUNDLE_IDENTIFIER = com.bacata.ExtasyCompleteNavigation;
				PRODUCT_NAME = "$(TARGET_NAME)";
				SWIFT_EMIT_LOC_STRINGS = YES;
				SWIFT_VERSION = 5.0;
				TARGETED_DEVICE_FAMILY = "1,2";
			};
			name = Debug;
		};
		066311BB2A38DB6C00AAE263 /* Release */ = {
			isa = XCBuildConfiguration;
			buildSettings = {
				ASSETCATALOG_COMPILER_APPICON_NAME = AppIcon;
				ASSETCATALOG_COMPILER_GLOBAL_ACCENT_COLOR_NAME = AccentColor;
				CODE_SIGN_ENTITLEMENTS = ExtasyCompleteNavigation/ExtasyCompleteNavigation.entitlements;
				CODE_SIGN_STYLE = Automatic;
				CURRENT_PROJECT_VERSION = 1;
				DEVELOPMENT_ASSET_PATHS = "\"ExtasyCompleteNavigation/PreviewContent\"";
				DEVELOPMENT_TEAM = V73TDMAF88;
				ENABLE_PREVIEWS = YES;
				GENERATE_INFOPLIST_FILE = YES;
				INFOPLIST_FILE = ExtasyCompleteNavigation/Info.plist;
				INFOPLIST_KEY_CFBundleDisplayName = "";
				INFOPLIST_KEY_LSApplicationCategoryType = "";
				INFOPLIST_KEY_NSLocalNetworkUsageDescription = "We need access for communication with the navigational instruments";
				INFOPLIST_KEY_NSLocationAlwaysAndWhenInUseUsageDescription = "To provide seamless navigation tracking.";
				INFOPLIST_KEY_NSLocationAlwaysUsageDescription = "Location access is required even when the app is not in use.";
				INFOPLIST_KEY_NSLocationWhenInUseUsageDescription = "This app needs location for navigation";
				INFOPLIST_KEY_UIApplicationSceneManifest_Generation = YES;
				INFOPLIST_KEY_UIApplicationSupportsIndirectInputEvents = YES;
				INFOPLIST_KEY_UILaunchScreen_Generation = YES;
				INFOPLIST_KEY_UISupportedInterfaceOrientations_iPad = "UIInterfaceOrientationPortrait UIInterfaceOrientationPortraitUpsideDown UIInterfaceOrientationLandscapeLeft UIInterfaceOrientationLandscapeRight";
				INFOPLIST_KEY_UISupportedInterfaceOrientations_iPhone = "UIInterfaceOrientationPortrait UIInterfaceOrientationLandscapeLeft UIInterfaceOrientationLandscapeRight";
				IPHONEOS_DEPLOYMENT_TARGET = 17.0;
				LD_RUNPATH_SEARCH_PATHS = (
					"$(inherited)",
					"@executable_path/Frameworks",
				);
				MARKETING_VERSION = 1.0;
				PRODUCT_BUNDLE_IDENTIFIER = com.bacata.ExtasyCompleteNavigation;
				PRODUCT_NAME = "$(TARGET_NAME)";
				SWIFT_EMIT_LOC_STRINGS = YES;
				SWIFT_VERSION = 5.0;
				TARGETED_DEVICE_FAMILY = "1,2";
			};
			name = Release;
		};
		069EEA7D2CECCA6B00357A05 /* Debug */ = {
			isa = XCBuildConfiguration;
			buildSettings = {
				ASSETCATALOG_COMPILER_GENERATE_SWIFT_ASSET_SYMBOL_EXTENSIONS = YES;
				BUNDLE_LOADER = "$(TEST_HOST)";
				CODE_SIGN_STYLE = Automatic;
				CURRENT_PROJECT_VERSION = 1;
				DEVELOPMENT_TEAM = V73TDMAF88;
				GCC_C_LANGUAGE_STANDARD = gnu17;
				GENERATE_INFOPLIST_FILE = YES;
				IPHONEOS_DEPLOYMENT_TARGET = 17.6;
				LOCALIZATION_PREFERS_STRING_CATALOGS = YES;
				MARKETING_VERSION = 1.0;
				PRODUCT_BUNDLE_IDENTIFIER = com.bacata.ExtasyCompleteNavigationTests;
				PRODUCT_NAME = "$(TARGET_NAME)";
				SWIFT_ACTIVE_COMPILATION_CONDITIONS = "DEBUG $(inherited)";
				SWIFT_EMIT_LOC_STRINGS = NO;
				SWIFT_VERSION = 5.0;
				TARGETED_DEVICE_FAMILY = "1,2";
				TEST_HOST = "$(BUILT_PRODUCTS_DIR)/ExtasyCompleteNavigation.app/$(BUNDLE_EXECUTABLE_FOLDER_PATH)/ExtasyCompleteNavigation";
			};
			name = Debug;
		};
		069EEA7E2CECCA6B00357A05 /* Release */ = {
			isa = XCBuildConfiguration;
			buildSettings = {
				ASSETCATALOG_COMPILER_GENERATE_SWIFT_ASSET_SYMBOL_EXTENSIONS = YES;
				BUNDLE_LOADER = "$(TEST_HOST)";
				CODE_SIGN_STYLE = Automatic;
				CURRENT_PROJECT_VERSION = 1;
				DEVELOPMENT_TEAM = V73TDMAF88;
				GCC_C_LANGUAGE_STANDARD = gnu17;
				GENERATE_INFOPLIST_FILE = YES;
				IPHONEOS_DEPLOYMENT_TARGET = 17.6;
				LOCALIZATION_PREFERS_STRING_CATALOGS = YES;
				MARKETING_VERSION = 1.0;
				PRODUCT_BUNDLE_IDENTIFIER = com.bacata.ExtasyCompleteNavigationTests;
				PRODUCT_NAME = "$(TARGET_NAME)";
				SWIFT_COMPILATION_MODE = wholemodule;
				SWIFT_EMIT_LOC_STRINGS = NO;
				SWIFT_VERSION = 5.0;
				TARGETED_DEVICE_FAMILY = "1,2";
				TEST_HOST = "$(BUILT_PRODUCTS_DIR)/ExtasyCompleteNavigation.app/$(BUNDLE_EXECUTABLE_FOLDER_PATH)/ExtasyCompleteNavigation";
			};
			name = Release;
		};
/* End XCBuildConfiguration section */

/* Begin XCConfigurationList section */
		066311A62A38DB6B00AAE263 /* Build configuration list for PBXProject "ExtasyCompleteNavigation" */ = {
			isa = XCConfigurationList;
			buildConfigurations = (
				066311B72A38DB6C00AAE263 /* Debug */,
				066311B82A38DB6C00AAE263 /* Release */,
			);
			defaultConfigurationIsVisible = 0;
			defaultConfigurationName = Release;
		};
		066311B92A38DB6C00AAE263 /* Build configuration list for PBXNativeTarget "ExtasyCompleteNavigation" */ = {
			isa = XCConfigurationList;
			buildConfigurations = (
				066311BA2A38DB6C00AAE263 /* Debug */,
				066311BB2A38DB6C00AAE263 /* Release */,
			);
			defaultConfigurationIsVisible = 0;
			defaultConfigurationName = Release;
		};
		069EEA7C2CECCA6B00357A05 /* Build configuration list for PBXNativeTarget "ExtasyCompleteNavigationTests" */ = {
			isa = XCConfigurationList;
			buildConfigurations = (
				069EEA7D2CECCA6B00357A05 /* Debug */,
				069EEA7E2CECCA6B00357A05 /* Release */,
			);
			defaultConfigurationIsVisible = 0;
			defaultConfigurationName = Release;
		};
/* End XCConfigurationList section */

/* Begin XCRemoteSwiftPackageReference section */
		067662092AA8096E00544940 /* XCRemoteSwiftPackageReference "CocoaAsyncSocket" */ = {
			isa = XCRemoteSwiftPackageReference;
			repositoryURL = "https://github.com/robbiehanson/CocoaAsyncSocket.git";
			requirement = {
				kind = upToNextMajorVersion;
				minimumVersion = 7.0.0;
			};
		};
/* End XCRemoteSwiftPackageReference section */

/* Begin XCSwiftPackageProductDependency section */
		06FCADCD2D40461400A09594 /* CocoaAsyncSocket */ = {
			isa = XCSwiftPackageProductDependency;
			package = 067662092AA8096E00544940 /* XCRemoteSwiftPackageReference "CocoaAsyncSocket" */;
			productName = CocoaAsyncSocket;
		};
		06FCADCF2D40466100A09594 /* CocoaAsyncSocket */ = {
			isa = XCSwiftPackageProductDependency;
			package = 067662092AA8096E00544940 /* XCRemoteSwiftPackageReference "CocoaAsyncSocket" */;
			productName = CocoaAsyncSocket;
		};
/* End XCSwiftPackageProductDependency section */
	};
	rootObject = 066311A32A38DB6B00AAE263 /* Project object */;
}
